// !$*UTF8*$!
{
	archiveVersion = 1;
	classes = {
	};
	objectVersion = 77;
	objects = {

/* Begin PBXBuildFile section */
		02629A8715894D5C2D6B5F47 /* SummaryView.swift in Sources */ = {isa = PBXBuildFile; fileRef = EE0C78AC3D1E5FE8777CB224 /* SummaryView.swift */; };
		037104D1F1956FCD28FA4915 /* TodayPreRunBodyV3.swift in Sources */ = {isa = PBXBuildFile; fileRef = A6142CF93DF4BB8739EB299D /* TodayPreRunBodyV3.swift */; };
		0565B4AAF1E1AC26C3DE1F75 /* WatchSync.swift in Sources */ = {isa = PBXBuildFile; fileRef = 5F356ED0B3C5BA43AC3568B0 /* WatchSync.swift */; };
		05EEB9EB948603B0592062F2 /* TodayShoePicker.swift in Sources */ = {isa = PBXBuildFile; fileRef = D3F9F97249181DA2EB82D25D /* TodayShoePicker.swift */; };
		06733C4049CBBF30D8DF2EA1 /* API+Toolkit.swift in Sources */ = {isa = PBXBuildFile; fileRef = 6E06A7E99186B27147ADDE22 /* API+Toolkit.swift */; };
		087938D53B0E81241BFCCA7A /* TreadmillHRView.swift in Sources */ = {isa = PBXBuildFile; fileRef = 760B92E89CF0E2EF5EEB8265 /* TreadmillHRView.swift */; };
		08CF7BD58B8FA3767E595667 /* WatchFixtures.swift in Sources */ = {isa = PBXBuildFile; fileRef = 79F2EC545B990808978B44F0 /* WatchFixtures.swift */; };
		097BBD3A01CCAB65AC7F4F60 /* RootTabView.swift in Sources */ = {isa = PBXBuildFile; fileRef = 894094955F354E1174579A70 /* RootTabView.swift */; };
		0C7CECA6722DD1B30C6C89EB /* WatchTheme.swift in Sources */ = {isa = PBXBuildFile; fileRef = 91FC1DB4EC397EFC1B67BFE9 /* WatchTheme.swift */; };
		0FE433223DC5369A657B77E7 /* WeekAheadView.swift in Sources */ = {isa = PBXBuildFile; fileRef = AB6429EC123205552CF65614 /* WeekAheadView.swift */; };
		12C8B803062A13AD7088FE18 /* TreadmillHRSession.swift in Sources */ = {isa = PBXBuildFile; fileRef = 43619EB76197C5C19037C644 /* TreadmillHRSession.swift */; };
		14640A3705B32648E88B7E91 /* ReadinessBriefSheet.swift in Sources */ = {isa = PBXBuildFile; fileRef = FDECB6913184502BD42150CF /* ReadinessBriefSheet.swift */; };
		14C9CA2FFD11F545E83DE1A9 /* ColdStartView.swift in Sources */ = {isa = PBXBuildFile; fileRef = 81938656B7079C01BB12693C /* ColdStartView.swift */; };
		16105FF9F23FE470CECECD32 /* Assets.xcassets in Resources */ = {isa = PBXBuildFile; fileRef = 139264554EDD5A64F64E384F /* Assets.xcassets */; };
		21BAA9938430A3B59A7DA1FF /* ProfileView.swift in Sources */ = {isa = PBXBuildFile; fileRef = F5049AFA827E5D99EA69F5D0 /* ProfileView.swift */; };
		22DC594B5818D987FD7101EB /* Brandmark.swift in Sources */ = {isa = PBXBuildFile; fileRef = 232F9F14460F13DDC369F512 /* Brandmark.swift */; };
		241CFCD0626CE2C875BE32F2 /* Oswald-Variable.ttf in Resources */ = {isa = PBXBuildFile; fileRef = 014129C189442D8193785F35 /* Oswald-Variable.ttf */; };
		269C1642A3928FABA51378F5 /* RecoveryBrief.swift in Sources */ = {isa = PBXBuildFile; fileRef = 14E6C4CECAB490A0F91D63C3 /* RecoveryBrief.swift */; };
		2919F201CE287CAF6B172EED /* Inter-SemiBold.ttf in Resources */ = {isa = PBXBuildFile; fileRef = 37F523B1198BDF2C15E626B2 /* Inter-SemiBold.ttf */; };
		2FFA12FF938E115A5971545D /* WatchWorkoutModels.swift in Sources */ = {isa = PBXBuildFile; fileRef = 8B95C6BA54C2018236C4EB2B /* WatchWorkoutModels.swift */; };
		30E888D8A41D7AFE87EFE184 /* FaffApp.swift in Sources */ = {isa = PBXBuildFile; fileRef = 3C2B62D9179AAC7D41426156 /* FaffApp.swift */; };
		33B4FF295A8A74B4CFA43AEF /* IdleView.swift in Sources */ = {isa = PBXBuildFile; fileRef = 48BEBF7952F4B1AC4D8682B9 /* IdleView.swift */; };
		36B9DFECC527B9516F2E9D87 /* AppCache.swift in Sources */ = {isa = PBXBuildFile; fileRef = E642C82A6F2C85D02FB33076 /* AppCache.swift */; };
		389B0803B48A9E1E69A77F7E /* GlossarySheet.swift in Sources */ = {isa = PBXBuildFile; fileRef = 81788CFF9C25B33E02A88C61 /* GlossarySheet.swift */; };
		39609C4FA97B179028535FD4 /* ShoesView.swift in Sources */ = {isa = PBXBuildFile; fileRef = 8FCD25057781DAE979CCDBFC /* ShoesView.swift */; };
		3A64039201C05E24C914B07D /* SettingsCache.swift in Sources */ = {isa = PBXBuildFile; fileRef = 7664FBCD6CBCAE37BCC24B3B /* SettingsCache.swift */; };
		3BA6B12FCF16C3B5BD62797B /* WeekStrip.swift in Sources */ = {isa = PBXBuildFile; fileRef = D2E15DBC78C7149E2AA0EB45 /* WeekStrip.swift */; };
		3DFD4C5161A0FAD5F32AB8CA /* EmailSignInSheet.swift in Sources */ = {isa = PBXBuildFile; fileRef = 7E9955658E632F56C2B84C68 /* EmailSignInSheet.swift */; };
		3EB76E519E17B14973CF58F1 /* K_TargetsProjection.swift in Sources */ = {isa = PBXBuildFile; fileRef = 12F0216F8FF9AE20E14B49D4 /* K_TargetsProjection.swift */; };
		3F8961DDB77A018095E82A1D /* ProView.swift in Sources */ = {isa = PBXBuildFile; fileRef = 188559D9B23742DBC413C75E /* ProView.swift */; };
		3FA40EF549EB399B802A3C9A /* Runs.swift in Sources */ = {isa = PBXBuildFile; fileRef = 761D6D9F643EAA00C64D9BBC /* Runs.swift */; };
		4167E13357AE78F92DB3AB54 /* CoachNote.swift in Sources */ = {isa = PBXBuildFile; fileRef = 730D6283403CA7FE36BA1199 /* CoachNote.swift */; };
		4268337743293417D7382EA7 /* HealthBarCard.swift in Sources */ = {isa = PBXBuildFile; fileRef = BB5B89100A345745753B0C8B /* HealthBarCard.swift */; };
		44DDBCF77E1B9D072A6A11C1 /* SettingsView.swift in Sources */ = {isa = PBXBuildFile; fileRef = 743648B82E2A21410A13F000 /* SettingsView.swift */; };
		456E4CFA1CB168E314A39A1D /* FaffMesh.swift in Sources */ = {isa = PBXBuildFile; fileRef = 0C18DDEE14414B527EFBB143 /* FaffMesh.swift */; };
		47F3245DF57F054F4D025850 /* NotificationCategories.swift in Sources */ = {isa = PBXBuildFile; fileRef = DCEEE47B94CDA981E430812A /* NotificationCategories.swift */; };
		49DD1311332CCD7EC88681EC /* Tips.swift in Sources */ = {isa = PBXBuildFile; fileRef = 9883A181E1656DBDC8F3FAFC /* Tips.swift */; };
		4CACFB0EB456705EF1BAABB5 /* FaffPayloads.swift in Sources */ = {isa = PBXBuildFile; fileRef = ADEF9EEB865458FD9FBA9054 /* FaffPayloads.swift */; };
		4E88DDDEE13FBFC793505EDE /* G_Settings.swift in Sources */ = {isa = PBXBuildFile; fileRef = CE323D928DA355934197F38B /* G_Settings.swift */; };
		5145860E3D5DA3AF58559C74 /* WatchMirrorView.swift in Sources */ = {isa = PBXBuildFile; fileRef = C1E500ED606917B273FF2A51 /* WatchMirrorView.swift */; };
		531A5724C7E47FBEF3AC3D5B /* PlannedView.swift in Sources */ = {isa = PBXBuildFile; fileRef = B07A257EFCEFD45EDA03792D /* PlannedView.swift */; };
		57463FD11EB2AB16CE4C44F7 /* HealthCompactGauge.swift in Sources */ = {isa = PBXBuildFile; fileRef = 8A7AF53AC1B5DF3231932FB6 /* HealthCompactGauge.swift */; };
		58C73FAA4F3A621C91A48076 /* RaceDayView.swift in Sources */ = {isa = PBXBuildFile; fileRef = 75CB12F69B8E91BD1846A268 /* RaceDayView.swift */; };
		5966D86B3E01B512FB053BD2 /* CoachFacts.swift in Sources */ = {isa = PBXBuildFile; fileRef = 45138C09A08463A9958BCD3F /* CoachFacts.swift */; };
		5A0D13F6D6761F2F12556838 /* UsageSheet.swift in Sources */ = {isa = PBXBuildFile; fileRef = 6F56782BD960562D69ADDCB4 /* UsageSheet.swift */; };
		5CC15617CBD77E60E78F0B75 /* ShoeView.swift in Sources */ = {isa = PBXBuildFile; fileRef = ADD08DB3E4484B1FC6C0C0F8 /* ShoeView.swift */; };
		5E96515E4E3AEB50C7224C2F /* TargetsView.swift in Sources */ = {isa = PBXBuildFile; fileRef = 89D7554D68355339D82D6F51 /* TargetsView.swift */; };
		60441969D5FB3C1127CFCFF3 /* ZoneBar.swift in Sources */ = {isa = PBXBuildFile; fileRef = BD91B5D2A39BE920DD3C4358 /* ZoneBar.swift */; };
		621F3BF05BA2F7DBEAAD2033 /* J_CoachVerdict.swift in Sources */ = {isa = PBXBuildFile; fileRef = ED073449FE88CA9532AFF720 /* J_CoachVerdict.swift */; };
		661A5023FC889EDA87B6F560 /* Fonts.swift in Sources */ = {isa = PBXBuildFile; fileRef = 4E27550579AE4BDFA95531DD /* Fonts.swift */; };
		669B521E9E81BFA9EFFFBC60 /* MileBars.swift in Sources */ = {isa = PBXBuildFile; fileRef = 0E832B4905DEB6F14ADB19D0 /* MileBars.swift */; };
		6A351129DEF28BDCC340851C /* BebasNeue-Regular.ttf in Resources */ = {isa = PBXBuildFile; fileRef = D731B92BA006865E34779D2A /* BebasNeue-Regular.ttf */; };
		6BE40F3E6AA911AD15D8C08E /* SignInFlowTests.swift in Sources */ = {isa = PBXBuildFile; fileRef = 15FB44D69A865618A457AB74 /* SignInFlowTests.swift */; };
		6D9687543F5EBEA6E7422E8F /* HealthSegmentedControl.swift in Sources */ = {isa = PBXBuildFile; fileRef = 1F097DD1FEE235AC5D4AD178 /* HealthSegmentedControl.swift */; };
		72295A32D77A1E55A73562A2 /* GapBeam.swift in Sources */ = {isa = PBXBuildFile; fileRef = 14A0089434ECA1192B331A77 /* GapBeam.swift */; };
		7380AA0621D427003EE43F2E /* WithinReachSheet.swift in Sources */ = {isa = PBXBuildFile; fileRef = 444251779F1CDC004513FAD8 /* WithinReachSheet.swift */; };
		7A0F250BA4DA7F45225E8030 /* Races.swift in Sources */ = {isa = PBXBuildFile; fileRef = 174FE8C6F00184359AC974B6 /* Races.swift */; };
		7D6EEA014498E248E262CC14 /* OnboardingView.swift in Sources */ = {isa = PBXBuildFile; fileRef = 9DBDD89E184A2A60C766D18F /* OnboardingView.swift */; };
		8207DC567E0A8DE57DBFB58B /* CoachPayloads.swift in Sources */ = {isa = PBXBuildFile; fileRef = C44CBB9357A15E48DAFCBEEA /* CoachPayloads.swift */; };
		82583B8BEA1A55C53A47687D /* StravaPushHistorySheet.swift in Sources */ = {isa = PBXBuildFile; fileRef = E2F298DBE5A4654D6A3396C9 /* StravaPushHistorySheet.swift */; };
		82E76F98D8A2E62E46456CDB /* Faces.swift in Sources */ = {isa = PBXBuildFile; fileRef = 7666ED48810586C430FE7E27 /* Faces.swift */; };
		83B9F89A53AF34654F0DCC3D /* Theme.swift in Sources */ = {isa = PBXBuildFile; fileRef = 2600BF38DD79CB8A08592B03 /* Theme.swift */; };
		86A22E83FA6253F8776972F9 /* PageHeader.swift in Sources */ = {isa = PBXBuildFile; fileRef = B0E2C05E3027A3C1CB45AEDD /* PageHeader.swift */; };
		8A9B601EB7B9856185B78459 /* ScrubbableTrace.swift in Sources */ = {isa = PBXBuildFile; fileRef = 0FC065B278966D7AAA360355 /* ScrubbableTrace.swift */; };
		8CDFAB33DF64025E741E486C /* TodayRecoveryPanel.swift in Sources */ = {isa = PBXBuildFile; fileRef = 081F3BDD4979D92FC6A19386 /* TodayRecoveryPanel.swift */; };
		923AE80C7C5A47CFFFA7423A /* Inter-Variable.ttf in Resources */ = {isa = PBXBuildFile; fileRef = D9FA179F02EB61425E2DF62A /* Inter-Variable.ttf */; };
		9276B87CB0A938E3DF8E70EA /* PaceDrift.swift in Sources */ = {isa = PBXBuildFile; fileRef = 1AA31DB52794BE1700934B01 /* PaceDrift.swift */; };
		93719A4457B3D049C1A86D64 /* TreadmillView.swift in Sources */ = {isa = PBXBuildFile; fileRef = 607A158397177D21CBC58EB8 /* TreadmillView.swift */; };
		961FBF4DEC67B3CAD676A523 /* ReadinessGlanceView.swift in Sources */ = {isa = PBXBuildFile; fileRef = 590886F21D4DD966A37DE610 /* ReadinessGlanceView.swift */; };
		96AB4DF9DC78C005205930DA /* ResponsiveFace.swift in Sources */ = {isa = PBXBuildFile; fileRef = C1D23DD51213DA16F555FCAA /* ResponsiveFace.swift */; };
		97C0A9C35C5B8D867ADBB661 /* F_Sheets.swift in Sources */ = {isa = PBXBuildFile; fileRef = D8887459C81D2BD8B503FAFE /* F_Sheets.swift */; };
		97FF3141FF9E86C28E4B824B /* WorkoutTracker.swift in Sources */ = {isa = PBXBuildFile; fileRef = E2B28F9C8F4604550364F9BC /* WorkoutTracker.swift */; };
		98B67F36D5862F5F11AEE994 /* Heatmap.swift in Sources */ = {isa = PBXBuildFile; fileRef = ADFCB78F95CAC1B19C758D37 /* Heatmap.swift */; };
		9A0782D74045550D150EBBC2 /* MIGRATION_PLAN.md in Resources */ = {isa = PBXBuildFile; fileRef = BFA85E15978E6315D144D85E /* MIGRATION_PLAN.md */; };
		9AE98D4A316A6880817CB236 /* E_Nudges.swift in Sources */ = {isa = PBXBuildFile; fileRef = 7483C37B55D5EABF86C7B744 /* E_Nudges.swift */; };
		9CFEBBFA3F3370E991138836 /* PhoneSync.swift in Sources */ = {isa = PBXBuildFile; fileRef = 8B2D7420891F1F0024E3D933 /* PhoneSync.swift */; };
		9D4EFA11F803DC6352341222 /* NudgeSheet.swift in Sources */ = {isa = PBXBuildFile; fileRef = C8A9245F66AE1A50C76E2FF3 /* NudgeSheet.swift */; };
		9E415C1133441F6D7667FFED /* BriefingTopicCard.swift in Sources */ = {isa = PBXBuildFile; fileRef = 6556483A9E7743D2B8695A4E /* BriefingTopicCard.swift */; };
		9F33022A531EBF8A5C922A47 /* WatchFaces.swift in Sources */ = {isa = PBXBuildFile; fileRef = 5D626345B3F0B0BDED8857D3 /* WatchFaces.swift */; };
		A11A3E74B3A9B30D43030CAA /* B_Provenance.swift in Sources */ = {isa = PBXBuildFile; fileRef = 46AEF8CAC73238CD1F086945 /* B_Provenance.swift */; };
		A2205010201940343C1796E2 /* ToolkitPayloads.swift in Sources */ = {isa = PBXBuildFile; fileRef = 1B4214411E5A308A6B07D6E4 /* ToolkitPayloads.swift */; };
		A2E9E71A2FA154AA15B03FC3 /* NotificationInboxSheet.swift in Sources */ = {isa = PBXBuildFile; fileRef = 430D66F00D99D78BC50D43E3 /* NotificationInboxSheet.swift */; };
		A4B00D17F9CD81D6D57E75E3 /* TodayView.swift in Sources */ = {isa = PBXBuildFile; fileRef = 3021BAFCB3395A359AD25A3C /* TodayView.swift */; };
		A4BFA53D2EB8255A25E154AD /* DragSheet.swift in Sources */ = {isa = PBXBuildFile; fileRef = 84E231F45E68801F45CA43EB /* DragSheet.swift */; };
		A66CE409BB06035C16E77160 /* LearnArticleSheet.swift in Sources */ = {isa = PBXBuildFile; fileRef = 2D2748856DA0BE8CFF0A0E62 /* LearnArticleSheet.swift */; };
		A9540BA3268DA8CC72864FA3 /* HealthView.swift in Sources */ = {isa = PBXBuildFile; fileRef = A1EC1ECACDBA2B7AF4787D13 /* HealthView.swift */; };
		AA3F43C1079621406B520A96 /* ActivityView.swift in Sources */ = {isa = PBXBuildFile; fileRef = E94BF41A96C49C2F0DFE896D /* ActivityView.swift */; };
		AAF411FFC548C34FA08F3A29 /* WorkoutRootView.swift in Sources */ = {isa = PBXBuildFile; fileRef = F9F1D1BCD775FDA96459FBA9 /* WorkoutRootView.swift */; };
		ABA8B73ABAB07391B459D29A /* API.swift in Sources */ = {isa = PBXBuildFile; fileRef = CD71B88D7D0751ABFACD1479 /* API.swift */; };
		ACA6645F1B466A2A24E43209 /* HealthKitImporter.swift in Sources */ = {isa = PBXBuildFile; fileRef = 6D2418C21CF2BDF76B22187B /* HealthKitImporter.swift */; };
		B28BF8DF63FBE6282E8BF2DF /* PaywallView.swift in Sources */ = {isa = PBXBuildFile; fileRef = A94A80371C0077976A33426E /* PaywallView.swift */; };
		B4BA0E10F8F54E818E92E24F /* CountdownView.swift in Sources */ = {isa = PBXBuildFile; fileRef = 327F1896B45C80B0A713921B /* CountdownView.swift */; };
		B6D9A30FAAC0365482CBE064 /* FaffWatch Watch App.app in Embed Watch Content */ = {isa = PBXBuildFile; fileRef = 79B4012183AC95BF2BE27EB4 /* FaffWatch Watch App.app */; settings = {ATTRIBUTES = (CodeSignOnCopy, RemoveHeadersOnCopy, ); }; };
		B7A4614D920CC943C7E2CEB4 /* HealthSeed.swift in Sources */ = {isa = PBXBuildFile; fileRef = 7C1BECCB43A8C9B865BBDCA7 /* HealthSeed.swift */; };
		BB4BDF90BCB0400D90CCC711 /* Fonts in Resources */ = {isa = PBXBuildFile; fileRef = 563BE14031D81E39DC6ED1EB /* Fonts */; };
		BD055CFEF09795F990AD96F3 /* Watch.swift in Sources */ = {isa = PBXBuildFile; fileRef = 29E036C5FD2EC231D2FCDC1A /* Watch.swift */; };
		BE1AE0E4AC08E6B55B1B87D7 /* StravaOAuthSession.swift in Sources */ = {isa = PBXBuildFile; fileRef = CAC9DAF37D0E9B3DAE9FFDF1 /* StravaOAuthSession.swift */; };
		C04EABC1AFE4F8CEAC64F2F5 /* TodayPostRunBody.swift in Sources */ = {isa = PBXBuildFile; fileRef = AB1BDC045093EBA34631A9F1 /* TodayPostRunBody.swift */; };
		C1961C2571F61331D7688A9F /* RolePickView.swift in Sources */ = {isa = PBXBuildFile; fileRef = 726282D996DBB67B81D4C203 /* RolePickView.swift */; };
		C2714A39BB9C6911E505C9E9 /* TodayShoeOverrideSheet.swift in Sources */ = {isa = PBXBuildFile; fileRef = 54968706EA108BCE1A16D9A6 /* TodayShoeOverrideSheet.swift */; };
		C5A08D2FCA35C23EFDCDE646 /* Inter-Bold.ttf in Resources */ = {isa = PBXBuildFile; fileRef = 351D312A1924397E8D738EDB /* Inter-Bold.ttf */; };
		C653DE64F5E3F659FD12EBAB /* HealthMetricSheet.swift in Sources */ = {isa = PBXBuildFile; fileRef = 2A5CFC2AD12C7FC7FB755194 /* HealthMetricSheet.swift */; };
		CBCBD59107DBD5C69D2DE353 /* CoachIntents.swift in Sources */ = {isa = PBXBuildFile; fileRef = 516DCD5B946ABCCE017F3F40 /* CoachIntents.swift */; };
		CBF05C82C08D2CAD384C3008 /* ActiveWorkoutView.swift in Sources */ = {isa = PBXBuildFile; fileRef = 0A82679266351BEBAFB330F1 /* ActiveWorkoutView.swift */; };
		CDF6A305760D7B40D0E0BC36 /* PRSheet.swift in Sources */ = {isa = PBXBuildFile; fileRef = 944DFB34C4D7EF128D8D0F0E /* PRSheet.swift */; };
		CF1C1E572DC1A191D8D58977 /* SignInView.swift in Sources */ = {isa = PBXBuildFile; fileRef = 7A2DDEC15725161C4032FEC9 /* SignInView.swift */; };
		D1097CBDA1F05F55910B5163 /* StravaReconnectBanner.swift in Sources */ = {isa = PBXBuildFile; fileRef = 9BE2FACB96AFFAE039358E11 /* StravaReconnectBanner.swift */; };
		D2D6BC52AB864AD678DF3709 /* Primitives.swift in Sources */ = {isa = PBXBuildFile; fileRef = 2E0F934EAB1B1CC2AD163825 /* Primitives.swift */; };
		D3BC37653D9BE02DAEABE840 /* C_CoachTransparency.swift in Sources */ = {isa = PBXBuildFile; fileRef = 5AD01DD17592B8872CD72B36 /* C_CoachTransparency.swift */; };
		D4E3F4875BAFEC6F6D5FDCC7 /* HRAlerter.swift in Sources */ = {isa = PBXBuildFile; fileRef = B4EABD5D3321534861E82F02 /* HRAlerter.swift */; };
		D59C57B5BFC8646851663ABF /* I_RunDetail.swift in Sources */ = {isa = PBXBuildFile; fileRef = BEB309AB7B2E3BF539872275 /* I_RunDetail.swift */; };
		D92EA33FB4285F4A8AB859C9 /* NotificationsAppDelegate.swift in Sources */ = {isa = PBXBuildFile; fileRef = B9DA4E35CB6828B2EA70A434 /* NotificationsAppDelegate.swift */; };
		DB53ACA1DBB39F46EB32303C /* Oswald-SemiBold.ttf in Resources */ = {isa = PBXBuildFile; fileRef = 0CDBF2DFC432A591DA62EDEF /* Oswald-SemiBold.ttf */; };
		DB7051BAA1747F4009026BA6 /* HowItWentPanel.swift in Sources */ = {isa = PBXBuildFile; fileRef = A69925035C6326F0327A2787 /* HowItWentPanel.swift */; };
		DCE2223693C29FA234BD04EE /* H_Race.swift in Sources */ = {isa = PBXBuildFile; fileRef = 3ABD39EA42BBBD797873A1DE /* H_Race.swift */; };
		DDEC03C890DF05DF53ECDF7F /* TrainView.swift in Sources */ = {isa = PBXBuildFile; fileRef = 175401B3AE5EFD5368347E58 /* TrainView.swift */; };
		DFF432A5660C9F03C222442B /* D_Disclosure.swift in Sources */ = {isa = PBXBuildFile; fileRef = AB749F9A43F92F9DF1CA4C2A /* D_Disclosure.swift */; };
		E05B05674D1FD82CFD0AC965 /* RunDetailView.swift in Sources */ = {isa = PBXBuildFile; fileRef = E341D1073CB161F54628F683 /* RunDetailView.swift */; };
		E0BE2A0BC43ECFFFEFE7A395 /* RunActionMenu.swift in Sources */ = {isa = PBXBuildFile; fileRef = 8579E34E6C74E08AD40FCB48 /* RunActionMenu.swift */; };
		E0FAADAA9A64E904A270BA5E /* TokenStore.swift in Sources */ = {isa = PBXBuildFile; fileRef = 80D79010E6307A7B819FD164 /* TokenStore.swift */; };
		E18843BC1D6862FEB7FEB126 /* Briefing.swift in Sources */ = {isa = PBXBuildFile; fileRef = 9DDE304E9C6471D398E2D102 /* Briefing.swift */; };
		E1D19AD240AAA3B18043EF2F /* TreadmillHRStreamer.swift in Sources */ = {isa = PBXBuildFile; fileRef = CDEF841F0E0D35E45EE40065 /* TreadmillHRStreamer.swift */; };
		E54713F776795DC8AB4F468D /* ChimePlayer.swift in Sources */ = {isa = PBXBuildFile; fileRef = 87DEABD97368BE1C69024791 /* ChimePlayer.swift */; };
		EAF8355DE9CD72C8C10FFD51 /* A_Signals.swift in Sources */ = {isa = PBXBuildFile; fileRef = 09ABAABCF2CDD7B4DBC82200 /* A_Signals.swift */; };
		EB4A118FB7E42C2751A6709D /* ReadinessBriefSeed.swift in Sources */ = {isa = PBXBuildFile; fileRef = 9CF1EF57B25870ED0684678F /* ReadinessBriefSeed.swift */; };
		EC866FAAF92DEEFE295EA715 /* SignInWithAppleView.swift in Sources */ = {isa = PBXBuildFile; fileRef = C362A89A498D921AD6A117B0 /* SignInWithAppleView.swift */; };
		ED3DBAEF3FFB60390FE0317B /* ContentView.swift in Sources */ = {isa = PBXBuildFile; fileRef = EE83C39CFEEB37B8BCCE8162 /* ContentView.swift */; };
		ED8A185C9C02773FFC2E41D6 /* StickyCTABar.swift in Sources */ = {isa = PBXBuildFile; fileRef = 8638CFAB477DCF206DEFD0EA /* StickyCTABar.swift */; };
		EEC673F6BECB80E471270414 /* RaceName.swift in Sources */ = {isa = PBXBuildFile; fileRef = A946A92F47DD42163C1A409F /* RaceName.swift */; };
		EF763AF01134F55FCCAA076C /* Assets.xcassets in Resources */ = {isa = PBXBuildFile; fileRef = B7BC29B2BF1F273F9E653AEB /* Assets.xcassets */; };
		F78C87C61CF8C1E957424497 /* FaffWatchApp.swift in Sources */ = {isa = PBXBuildFile; fileRef = DB78B57C63F6CAA75CB24270 /* FaffWatchApp.swift */; };
		FD192DE884BE0A0DA2037E99 /* TodayReadinessPanel.swift in Sources */ = {isa = PBXBuildFile; fileRef = C7A4E3C4D2B9F936674A294E /* TodayReadinessPanel.swift */; };
		FDFB5B7B4C41C8B3C7BBF7C8 /* Haptics.swift in Sources */ = {isa = PBXBuildFile; fileRef = 1D4E8F519A9E24A36E4D0BC7 /* Haptics.swift */; };
		FE0352B79DCC62AE1008EB2A /* WorkoutEngine.swift in Sources */ = {isa = PBXBuildFile; fileRef = 47B01231CF6EA2F9487242FC /* WorkoutEngine.swift */; };
		FEA42A4E4B4191BD50CBCA23 /* FaceKit.swift in Sources */ = {isa = PBXBuildFile; fileRef = 7AB076FD4BB8D790F2DB9B79 /* FaceKit.swift */; };
		FF78B023B6AF759194C870EC /* LoadState.swift in Sources */ = {isa = PBXBuildFile; fileRef = FCA4369345EE34EAFD3E307C /* LoadState.swift */; };
/* End PBXBuildFile section */

/* Begin PBXContainerItemProxy section */
		0A0DB7EF2A01E8779D699655 /* PBXContainerItemProxy */ = {
			isa = PBXContainerItemProxy;
			containerPortal = 71044FC49B493BB4714930F0 /* Project object */;
			proxyType = 1;
			remoteGlobalIDString = F0F86E55A2FD163346E0F089;
			remoteInfo = "FaffWatch Watch App";
		};
		718BAEC696AFE08A255D2F3B /* PBXContainerItemProxy */ = {
			isa = PBXContainerItemProxy;
			containerPortal = 71044FC49B493BB4714930F0 /* Project object */;
			proxyType = 1;
			remoteGlobalIDString = D9BD02B3EBCA6139CDCA3B00;
			remoteInfo = Faff;
		};
/* End PBXContainerItemProxy section */

/* Begin PBXCopyFilesBuildPhase section */
		E78D6D288A9B14BD0D2F8FB6 /* Embed Watch Content */ = {
			isa = PBXCopyFilesBuildPhase;
			buildActionMask = 2147483647;
			dstPath = "$(CONTENTS_FOLDER_PATH)/Watch";
			dstSubfolderSpec = 16;
			files = (
				B6D9A30FAAC0365482CBE064 /* FaffWatch Watch App.app in Embed Watch Content */,
			);
			name = "Embed Watch Content";
			runOnlyForDeploymentPostprocessing = 0;
		};
/* End PBXCopyFilesBuildPhase section */

/* Begin PBXFileReference section */
		014129C189442D8193785F35 /* Oswald-Variable.ttf */ = {isa = PBXFileReference; lastKnownFileType = file; path = "Oswald-Variable.ttf"; sourceTree = "<group>"; };
		0743519D766EECA60297B74F /* Info.plist */ = {isa = PBXFileReference; lastKnownFileType = text.plist; path = Info.plist; sourceTree = "<group>"; };
		081F3BDD4979D92FC6A19386 /* TodayRecoveryPanel.swift */ = {isa = PBXFileReference; lastKnownFileType = sourcecode.swift; path = TodayRecoveryPanel.swift; sourceTree = "<group>"; };
		09ABAABCF2CDD7B4DBC82200 /* A_Signals.swift */ = {isa = PBXFileReference; lastKnownFileType = sourcecode.swift; path = A_Signals.swift; sourceTree = "<group>"; };
		0A82679266351BEBAFB330F1 /* ActiveWorkoutView.swift */ = {isa = PBXFileReference; lastKnownFileType = sourcecode.swift; path = ActiveWorkoutView.swift; sourceTree = "<group>"; };
		0C18DDEE14414B527EFBB143 /* FaffMesh.swift */ = {isa = PBXFileReference; lastKnownFileType = sourcecode.swift; path = FaffMesh.swift; sourceTree = "<group>"; };
		0CDBF2DFC432A591DA62EDEF /* Oswald-SemiBold.ttf */ = {isa = PBXFileReference; lastKnownFileType = file; path = "Oswald-SemiBold.ttf"; sourceTree = "<group>"; };
		0E832B4905DEB6F14ADB19D0 /* MileBars.swift */ = {isa = PBXFileReference; lastKnownFileType = sourcecode.swift; path = MileBars.swift; sourceTree = "<group>"; };
		0FC065B278966D7AAA360355 /* ScrubbableTrace.swift */ = {isa = PBXFileReference; lastKnownFileType = sourcecode.swift; path = ScrubbableTrace.swift; sourceTree = "<group>"; };
		12F0216F8FF9AE20E14B49D4 /* K_TargetsProjection.swift */ = {isa = PBXFileReference; lastKnownFileType = sourcecode.swift; path = K_TargetsProjection.swift; sourceTree = "<group>"; };
		139264554EDD5A64F64E384F /* Assets.xcassets */ = {isa = PBXFileReference; lastKnownFileType = folder.assetcatalog; path = Assets.xcassets; sourceTree = "<group>"; };
		14A0089434ECA1192B331A77 /* GapBeam.swift */ = {isa = PBXFileReference; lastKnownFileType = sourcecode.swift; path = GapBeam.swift; sourceTree = "<group>"; };
		14E6C4CECAB490A0F91D63C3 /* RecoveryBrief.swift */ = {isa = PBXFileReference; lastKnownFileType = sourcecode.swift; path = RecoveryBrief.swift; sourceTree = "<group>"; };
		15FB44D69A865618A457AB74 /* SignInFlowTests.swift */ = {isa = PBXFileReference; lastKnownFileType = sourcecode.swift; path = SignInFlowTests.swift; sourceTree = "<group>"; };
		162F4E9C0CB7F4A9A9298265 /* FaffWatch Watch App.entitlements */ = {isa = PBXFileReference; lastKnownFileType = text.plist.entitlements; path = "FaffWatch Watch App.entitlements"; sourceTree = "<group>"; };
		174FE8C6F00184359AC974B6 /* Races.swift */ = {isa = PBXFileReference; lastKnownFileType = sourcecode.swift; path = Races.swift; sourceTree = "<group>"; };
		175401B3AE5EFD5368347E58 /* TrainView.swift */ = {isa = PBXFileReference; lastKnownFileType = sourcecode.swift; path = TrainView.swift; sourceTree = "<group>"; };
		188559D9B23742DBC413C75E /* ProView.swift */ = {isa = PBXFileReference; lastKnownFileType = sourcecode.swift; path = ProView.swift; sourceTree = "<group>"; };
		1AA31DB52794BE1700934B01 /* PaceDrift.swift */ = {isa = PBXFileReference; lastKnownFileType = sourcecode.swift; path = PaceDrift.swift; sourceTree = "<group>"; };
		1B4214411E5A308A6B07D6E4 /* ToolkitPayloads.swift */ = {isa = PBXFileReference; lastKnownFileType = sourcecode.swift; path = ToolkitPayloads.swift; sourceTree = "<group>"; };
		1D4E8F519A9E24A36E4D0BC7 /* Haptics.swift */ = {isa = PBXFileReference; lastKnownFileType = sourcecode.swift; path = Haptics.swift; sourceTree = "<group>"; };
		1F097DD1FEE235AC5D4AD178 /* HealthSegmentedControl.swift */ = {isa = PBXFileReference; lastKnownFileType = sourcecode.swift; path = HealthSegmentedControl.swift; sourceTree = "<group>"; };
		232F9F14460F13DDC369F512 /* Brandmark.swift */ = {isa = PBXFileReference; lastKnownFileType = sourcecode.swift; path = Brandmark.swift; sourceTree = "<group>"; };
		2600BF38DD79CB8A08592B03 /* Theme.swift */ = {isa = PBXFileReference; lastKnownFileType = sourcecode.swift; path = Theme.swift; sourceTree = "<group>"; };
		29E036C5FD2EC231D2FCDC1A /* Watch.swift */ = {isa = PBXFileReference; lastKnownFileType = sourcecode.swift; path = Watch.swift; sourceTree = "<group>"; };
		2A5CFC2AD12C7FC7FB755194 /* HealthMetricSheet.swift */ = {isa = PBXFileReference; lastKnownFileType = sourcecode.swift; path = HealthMetricSheet.swift; sourceTree = "<group>"; };
		2D2748856DA0BE8CFF0A0E62 /* LearnArticleSheet.swift */ = {isa = PBXFileReference; lastKnownFileType = sourcecode.swift; path = LearnArticleSheet.swift; sourceTree = "<group>"; };
		2E0F934EAB1B1CC2AD163825 /* Primitives.swift */ = {isa = PBXFileReference; lastKnownFileType = sourcecode.swift; path = Primitives.swift; sourceTree = "<group>"; };
		3021BAFCB3395A359AD25A3C /* TodayView.swift */ = {isa = PBXFileReference; lastKnownFileType = sourcecode.swift; path = TodayView.swift; sourceTree = "<group>"; };
		327F1896B45C80B0A713921B /* CountdownView.swift */ = {isa = PBXFileReference; lastKnownFileType = sourcecode.swift; path = CountdownView.swift; sourceTree = "<group>"; };
		351D312A1924397E8D738EDB /* Inter-Bold.ttf */ = {isa = PBXFileReference; lastKnownFileType = file; path = "Inter-Bold.ttf"; sourceTree = "<group>"; };
		37F523B1198BDF2C15E626B2 /* Inter-SemiBold.ttf */ = {isa = PBXFileReference; lastKnownFileType = file; path = "Inter-SemiBold.ttf"; sourceTree = "<group>"; };
		3ABD39EA42BBBD797873A1DE /* H_Race.swift */ = {isa = PBXFileReference; lastKnownFileType = sourcecode.swift; path = H_Race.swift; sourceTree = "<group>"; };
		3C2B62D9179AAC7D41426156 /* FaffApp.swift */ = {isa = PBXFileReference; lastKnownFileType = sourcecode.swift; path = FaffApp.swift; sourceTree = "<group>"; };
		430D66F00D99D78BC50D43E3 /* NotificationInboxSheet.swift */ = {isa = PBXFileReference; lastKnownFileType = sourcecode.swift; path = NotificationInboxSheet.swift; sourceTree = "<group>"; };
		43619EB76197C5C19037C644 /* TreadmillHRSession.swift */ = {isa = PBXFileReference; lastKnownFileType = sourcecode.swift; path = TreadmillHRSession.swift; sourceTree = "<group>"; };
		444251779F1CDC004513FAD8 /* WithinReachSheet.swift */ = {isa = PBXFileReference; lastKnownFileType = sourcecode.swift; path = WithinReachSheet.swift; sourceTree = "<group>"; };
		45138C09A08463A9958BCD3F /* CoachFacts.swift */ = {isa = PBXFileReference; lastKnownFileType = sourcecode.swift; path = CoachFacts.swift; sourceTree = "<group>"; };
		46AEF8CAC73238CD1F086945 /* B_Provenance.swift */ = {isa = PBXFileReference; lastKnownFileType = sourcecode.swift; path = B_Provenance.swift; sourceTree = "<group>"; };
		47B01231CF6EA2F9487242FC /* WorkoutEngine.swift */ = {isa = PBXFileReference; lastKnownFileType = sourcecode.swift; path = WorkoutEngine.swift; sourceTree = "<group>"; };
		48BEBF7952F4B1AC4D8682B9 /* IdleView.swift */ = {isa = PBXFileReference; lastKnownFileType = sourcecode.swift; path = IdleView.swift; sourceTree = "<group>"; };
		4E27550579AE4BDFA95531DD /* Fonts.swift */ = {isa = PBXFileReference; lastKnownFileType = sourcecode.swift; path = Fonts.swift; sourceTree = "<group>"; };
		516DCD5B946ABCCE017F3F40 /* CoachIntents.swift */ = {isa = PBXFileReference; lastKnownFileType = sourcecode.swift; path = CoachIntents.swift; sourceTree = "<group>"; };
		54968706EA108BCE1A16D9A6 /* TodayShoeOverrideSheet.swift */ = {isa = PBXFileReference; lastKnownFileType = sourcecode.swift; path = TodayShoeOverrideSheet.swift; sourceTree = "<group>"; };
		563BE14031D81E39DC6ED1EB /* Fonts */ = {isa = PBXFileReference; lastKnownFileType = folder; name = Fonts; path = Faff/Faff/Resources/Fonts; sourceTree = SOURCE_ROOT; };
		58ADF42EDED4C71FB0AD2CDD /* Info.plist */ = {isa = PBXFileReference; lastKnownFileType = text.plist; path = Info.plist; sourceTree = "<group>"; };
		590886F21D4DD966A37DE610 /* ReadinessGlanceView.swift */ = {isa = PBXFileReference; lastKnownFileType = sourcecode.swift; path = ReadinessGlanceView.swift; sourceTree = "<group>"; };
		5A39B98C5EC62375867B3D43 /* Faff.entitlements */ = {isa = PBXFileReference; lastKnownFileType = text.plist.entitlements; path = Faff.entitlements; sourceTree = "<group>"; };
		5AD01DD17592B8872CD72B36 /* C_CoachTransparency.swift */ = {isa = PBXFileReference; lastKnownFileType = sourcecode.swift; path = C_CoachTransparency.swift; sourceTree = "<group>"; };
		5D626345B3F0B0BDED8857D3 /* WatchFaces.swift */ = {isa = PBXFileReference; lastKnownFileType = sourcecode.swift; path = WatchFaces.swift; sourceTree = "<group>"; };
		5F356ED0B3C5BA43AC3568B0 /* WatchSync.swift */ = {isa = PBXFileReference; lastKnownFileType = sourcecode.swift; path = WatchSync.swift; sourceTree = "<group>"; };
		607A158397177D21CBC58EB8 /* TreadmillView.swift */ = {isa = PBXFileReference; lastKnownFileType = sourcecode.swift; path = TreadmillView.swift; sourceTree = "<group>"; };
		6556483A9E7743D2B8695A4E /* BriefingTopicCard.swift */ = {isa = PBXFileReference; lastKnownFileType = sourcecode.swift; path = BriefingTopicCard.swift; sourceTree = "<group>"; };
		6D2418C21CF2BDF76B22187B /* HealthKitImporter.swift */ = {isa = PBXFileReference; lastKnownFileType = sourcecode.swift; path = HealthKitImporter.swift; sourceTree = "<group>"; };
		6E06A7E99186B27147ADDE22 /* API+Toolkit.swift */ = {isa = PBXFileReference; lastKnownFileType = sourcecode.swift; path = "API+Toolkit.swift"; sourceTree = "<group>"; };
		6F56782BD960562D69ADDCB4 /* UsageSheet.swift */ = {isa = PBXFileReference; lastKnownFileType = sourcecode.swift; path = UsageSheet.swift; sourceTree = "<group>"; };
		726282D996DBB67B81D4C203 /* RolePickView.swift */ = {isa = PBXFileReference; lastKnownFileType = sourcecode.swift; path = RolePickView.swift; sourceTree = "<group>"; };
		730D6283403CA7FE36BA1199 /* CoachNote.swift */ = {isa = PBXFileReference; lastKnownFileType = sourcecode.swift; path = CoachNote.swift; sourceTree = "<group>"; };
		743648B82E2A21410A13F000 /* SettingsView.swift */ = {isa = PBXFileReference; lastKnownFileType = sourcecode.swift; path = SettingsView.swift; sourceTree = "<group>"; };
		7483C37B55D5EABF86C7B744 /* E_Nudges.swift */ = {isa = PBXFileReference; lastKnownFileType = sourcecode.swift; path = E_Nudges.swift; sourceTree = "<group>"; };
		75CB12F69B8E91BD1846A268 /* RaceDayView.swift */ = {isa = PBXFileReference; lastKnownFileType = sourcecode.swift; path = RaceDayView.swift; sourceTree = "<group>"; };
		760B92E89CF0E2EF5EEB8265 /* TreadmillHRView.swift */ = {isa = PBXFileReference; lastKnownFileType = sourcecode.swift; path = TreadmillHRView.swift; sourceTree = "<group>"; };
		761D6D9F643EAA00C64D9BBC /* Runs.swift */ = {isa = PBXFileReference; lastKnownFileType = sourcecode.swift; path = Runs.swift; sourceTree = "<group>"; };
		7664FBCD6CBCAE37BCC24B3B /* SettingsCache.swift */ = {isa = PBXFileReference; lastKnownFileType = sourcecode.swift; path = SettingsCache.swift; sourceTree = "<group>"; };
		7666ED48810586C430FE7E27 /* Faces.swift */ = {isa = PBXFileReference; lastKnownFileType = sourcecode.swift; path = Faces.swift; sourceTree = "<group>"; };
		79B4012183AC95BF2BE27EB4 /* FaffWatch Watch App.app */ = {isa = PBXFileReference; explicitFileType = wrapper.application; includeInIndex = 0; path = "FaffWatch Watch App.app"; sourceTree = BUILT_PRODUCTS_DIR; };
		79F2EC545B990808978B44F0 /* WatchFixtures.swift */ = {isa = PBXFileReference; lastKnownFileType = sourcecode.swift; path = WatchFixtures.swift; sourceTree = "<group>"; };
		7A2DDEC15725161C4032FEC9 /* SignInView.swift */ = {isa = PBXFileReference; lastKnownFileType = sourcecode.swift; path = SignInView.swift; sourceTree = "<group>"; };
		7AB076FD4BB8D790F2DB9B79 /* FaceKit.swift */ = {isa = PBXFileReference; lastKnownFileType = sourcecode.swift; path = FaceKit.swift; sourceTree = "<group>"; };
		7C1BECCB43A8C9B865BBDCA7 /* HealthSeed.swift */ = {isa = PBXFileReference; lastKnownFileType = sourcecode.swift; path = HealthSeed.swift; sourceTree = "<group>"; };
		7E9955658E632F56C2B84C68 /* EmailSignInSheet.swift */ = {isa = PBXFileReference; lastKnownFileType = sourcecode.swift; path = EmailSignInSheet.swift; sourceTree = "<group>"; };
		801D9B1925F0DC65C5E66C0D /* FaffTests.xctest */ = {isa = PBXFileReference; includeInIndex = 0; lastKnownFileType = wrapper.cfbundle; path = FaffTests.xctest; sourceTree = BUILT_PRODUCTS_DIR; };
		80D79010E6307A7B819FD164 /* TokenStore.swift */ = {isa = PBXFileReference; lastKnownFileType = sourcecode.swift; path = TokenStore.swift; sourceTree = "<group>"; };
		81788CFF9C25B33E02A88C61 /* GlossarySheet.swift */ = {isa = PBXFileReference; lastKnownFileType = sourcecode.swift; path = GlossarySheet.swift; sourceTree = "<group>"; };
		81938656B7079C01BB12693C /* ColdStartView.swift */ = {isa = PBXFileReference; lastKnownFileType = sourcecode.swift; path = ColdStartView.swift; sourceTree = "<group>"; };
		84E231F45E68801F45CA43EB /* DragSheet.swift */ = {isa = PBXFileReference; lastKnownFileType = sourcecode.swift; path = DragSheet.swift; sourceTree = "<group>"; };
		8579E34E6C74E08AD40FCB48 /* RunActionMenu.swift */ = {isa = PBXFileReference; lastKnownFileType = sourcecode.swift; path = RunActionMenu.swift; sourceTree = "<group>"; };
		8638CFAB477DCF206DEFD0EA /* StickyCTABar.swift */ = {isa = PBXFileReference; lastKnownFileType = sourcecode.swift; path = StickyCTABar.swift; sourceTree = "<group>"; };
		87DEABD97368BE1C69024791 /* ChimePlayer.swift */ = {isa = PBXFileReference; lastKnownFileType = sourcecode.swift; path = ChimePlayer.swift; sourceTree = "<group>"; };
		894094955F354E1174579A70 /* RootTabView.swift */ = {isa = PBXFileReference; lastKnownFileType = sourcecode.swift; path = RootTabView.swift; sourceTree = "<group>"; };
		89D7554D68355339D82D6F51 /* TargetsView.swift */ = {isa = PBXFileReference; lastKnownFileType = sourcecode.swift; path = TargetsView.swift; sourceTree = "<group>"; };
		8A7AF53AC1B5DF3231932FB6 /* HealthCompactGauge.swift */ = {isa = PBXFileReference; lastKnownFileType = sourcecode.swift; path = HealthCompactGauge.swift; sourceTree = "<group>"; };
		8B2D7420891F1F0024E3D933 /* PhoneSync.swift */ = {isa = PBXFileReference; lastKnownFileType = sourcecode.swift; path = PhoneSync.swift; sourceTree = "<group>"; };
		8B95C6BA54C2018236C4EB2B /* WatchWorkoutModels.swift */ = {isa = PBXFileReference; lastKnownFileType = sourcecode.swift; path = WatchWorkoutModels.swift; sourceTree = "<group>"; };
		8FCD25057781DAE979CCDBFC /* ShoesView.swift */ = {isa = PBXFileReference; lastKnownFileType = sourcecode.swift; path = ShoesView.swift; sourceTree = "<group>"; };
		91FC1DB4EC397EFC1B67BFE9 /* WatchTheme.swift */ = {isa = PBXFileReference; lastKnownFileType = sourcecode.swift; path = WatchTheme.swift; sourceTree = "<group>"; };
		944DFB34C4D7EF128D8D0F0E /* PRSheet.swift */ = {isa = PBXFileReference; lastKnownFileType = sourcecode.swift; path = PRSheet.swift; sourceTree = "<group>"; };
		9883A181E1656DBDC8F3FAFC /* Tips.swift */ = {isa = PBXFileReference; lastKnownFileType = sourcecode.swift; path = Tips.swift; sourceTree = "<group>"; };
		9BE2FACB96AFFAE039358E11 /* StravaReconnectBanner.swift */ = {isa = PBXFileReference; lastKnownFileType = sourcecode.swift; path = StravaReconnectBanner.swift; sourceTree = "<group>"; };
		9CF1EF57B25870ED0684678F /* ReadinessBriefSeed.swift */ = {isa = PBXFileReference; lastKnownFileType = sourcecode.swift; path = ReadinessBriefSeed.swift; sourceTree = "<group>"; };
		9DBDD89E184A2A60C766D18F /* OnboardingView.swift */ = {isa = PBXFileReference; lastKnownFileType = sourcecode.swift; path = OnboardingView.swift; sourceTree = "<group>"; };
		9DDE304E9C6471D398E2D102 /* Briefing.swift */ = {isa = PBXFileReference; lastKnownFileType = sourcecode.swift; path = Briefing.swift; sourceTree = "<group>"; };
		9FCF573DA7A5C1E3F9FBC5A1 /* Info.plist */ = {isa = PBXFileReference; lastKnownFileType = text.plist; path = Info.plist; sourceTree = "<group>"; };
		A1EC1ECACDBA2B7AF4787D13 /* HealthView.swift */ = {isa = PBXFileReference; lastKnownFileType = sourcecode.swift; path = HealthView.swift; sourceTree = "<group>"; };
		A6142CF93DF4BB8739EB299D /* TodayPreRunBodyV3.swift */ = {isa = PBXFileReference; lastKnownFileType = sourcecode.swift; path = TodayPreRunBodyV3.swift; sourceTree = "<group>"; };
		A69925035C6326F0327A2787 /* HowItWentPanel.swift */ = {isa = PBXFileReference; lastKnownFileType = sourcecode.swift; path = HowItWentPanel.swift; sourceTree = "<group>"; };
		A946A92F47DD42163C1A409F /* RaceName.swift */ = {isa = PBXFileReference; lastKnownFileType = sourcecode.swift; path = RaceName.swift; sourceTree = "<group>"; };
		A94A80371C0077976A33426E /* PaywallView.swift */ = {isa = PBXFileReference; lastKnownFileType = sourcecode.swift; path = PaywallView.swift; sourceTree = "<group>"; };
		AB1BDC045093EBA34631A9F1 /* TodayPostRunBody.swift */ = {isa = PBXFileReference; lastKnownFileType = sourcecode.swift; path = TodayPostRunBody.swift; sourceTree = "<group>"; };
		AB6429EC123205552CF65614 /* WeekAheadView.swift */ = {isa = PBXFileReference; lastKnownFileType = sourcecode.swift; path = WeekAheadView.swift; sourceTree = "<group>"; };
		AB749F9A43F92F9DF1CA4C2A /* D_Disclosure.swift */ = {isa = PBXFileReference; lastKnownFileType = sourcecode.swift; path = D_Disclosure.swift; sourceTree = "<group>"; };
		ADD08DB3E4484B1FC6C0C0F8 /* ShoeView.swift */ = {isa = PBXFileReference; lastKnownFileType = sourcecode.swift; path = ShoeView.swift; sourceTree = "<group>"; };
		ADEF9EEB865458FD9FBA9054 /* FaffPayloads.swift */ = {isa = PBXFileReference; lastKnownFileType = sourcecode.swift; path = FaffPayloads.swift; sourceTree = "<group>"; };
		ADFCB78F95CAC1B19C758D37 /* Heatmap.swift */ = {isa = PBXFileReference; lastKnownFileType = sourcecode.swift; path = Heatmap.swift; sourceTree = "<group>"; };
		B07A257EFCEFD45EDA03792D /* PlannedView.swift */ = {isa = PBXFileReference; lastKnownFileType = sourcecode.swift; path = PlannedView.swift; sourceTree = "<group>"; };
		B0E2C05E3027A3C1CB45AEDD /* PageHeader.swift */ = {isa = PBXFileReference; lastKnownFileType = sourcecode.swift; path = PageHeader.swift; sourceTree = "<group>"; };
		B4EABD5D3321534861E82F02 /* HRAlerter.swift */ = {isa = PBXFileReference; lastKnownFileType = sourcecode.swift; path = HRAlerter.swift; sourceTree = "<group>"; };
		B6BF22DF1BD412FB1CA83446 /* Faff.app */ = {isa = PBXFileReference; includeInIndex = 0; lastKnownFileType = wrapper.application; path = Faff.app; sourceTree = BUILT_PRODUCTS_DIR; };
		B7BC29B2BF1F273F9E653AEB /* Assets.xcassets */ = {isa = PBXFileReference; lastKnownFileType = folder.assetcatalog; path = Assets.xcassets; sourceTree = "<group>"; };
		B9DA4E35CB6828B2EA70A434 /* NotificationsAppDelegate.swift */ = {isa = PBXFileReference; lastKnownFileType = sourcecode.swift; path = NotificationsAppDelegate.swift; sourceTree = "<group>"; };
		BB5B89100A345745753B0C8B /* HealthBarCard.swift */ = {isa = PBXFileReference; lastKnownFileType = sourcecode.swift; path = HealthBarCard.swift; sourceTree = "<group>"; };
		BD91B5D2A39BE920DD3C4358 /* ZoneBar.swift */ = {isa = PBXFileReference; lastKnownFileType = sourcecode.swift; path = ZoneBar.swift; sourceTree = "<group>"; };
		BEB309AB7B2E3BF539872275 /* I_RunDetail.swift */ = {isa = PBXFileReference; lastKnownFileType = sourcecode.swift; path = I_RunDetail.swift; sourceTree = "<group>"; };
		BFA85E15978E6315D144D85E /* MIGRATION_PLAN.md */ = {isa = PBXFileReference; lastKnownFileType = net.daringfireball.markdown; path = MIGRATION_PLAN.md; sourceTree = "<group>"; };
		C1D23DD51213DA16F555FCAA /* ResponsiveFace.swift */ = {isa = PBXFileReference; lastKnownFileType = sourcecode.swift; path = ResponsiveFace.swift; sourceTree = "<group>"; };
		C1E500ED606917B273FF2A51 /* WatchMirrorView.swift */ = {isa = PBXFileReference; lastKnownFileType = sourcecode.swift; path = WatchMirrorView.swift; sourceTree = "<group>"; };
		C362A89A498D921AD6A117B0 /* SignInWithAppleView.swift */ = {isa = PBXFileReference; lastKnownFileType = sourcecode.swift; path = SignInWithAppleView.swift; sourceTree = "<group>"; };
		C44CBB9357A15E48DAFCBEEA /* CoachPayloads.swift */ = {isa = PBXFileReference; lastKnownFileType = sourcecode.swift; path = CoachPayloads.swift; sourceTree = "<group>"; };
		C7A4E3C4D2B9F936674A294E /* TodayReadinessPanel.swift */ = {isa = PBXFileReference; lastKnownFileType = sourcecode.swift; path = TodayReadinessPanel.swift; sourceTree = "<group>"; };
		C8A9245F66AE1A50C76E2FF3 /* NudgeSheet.swift */ = {isa = PBXFileReference; lastKnownFileType = sourcecode.swift; path = NudgeSheet.swift; sourceTree = "<group>"; };
		CAC9DAF37D0E9B3DAE9FFDF1 /* StravaOAuthSession.swift */ = {isa = PBXFileReference; lastKnownFileType = sourcecode.swift; path = StravaOAuthSession.swift; sourceTree = "<group>"; };
		CD71B88D7D0751ABFACD1479 /* API.swift */ = {isa = PBXFileReference; lastKnownFileType = sourcecode.swift; path = API.swift; sourceTree = "<group>"; };
		CDEF841F0E0D35E45EE40065 /* TreadmillHRStreamer.swift */ = {isa = PBXFileReference; lastKnownFileType = sourcecode.swift; path = TreadmillHRStreamer.swift; sourceTree = "<group>"; };
		CE323D928DA355934197F38B /* G_Settings.swift */ = {isa = PBXFileReference; lastKnownFileType = sourcecode.swift; path = G_Settings.swift; sourceTree = "<group>"; };
		D2E15DBC78C7149E2AA0EB45 /* WeekStrip.swift */ = {isa = PBXFileReference; lastKnownFileType = sourcecode.swift; path = WeekStrip.swift; sourceTree = "<group>"; };
		D3F9F97249181DA2EB82D25D /* TodayShoePicker.swift */ = {isa = PBXFileReference; lastKnownFileType = sourcecode.swift; path = TodayShoePicker.swift; sourceTree = "<group>"; };
		D731B92BA006865E34779D2A /* BebasNeue-Regular.ttf */ = {isa = PBXFileReference; lastKnownFileType = file; path = "BebasNeue-Regular.ttf"; sourceTree = "<group>"; };
		D8887459C81D2BD8B503FAFE /* F_Sheets.swift */ = {isa = PBXFileReference; lastKnownFileType = sourcecode.swift; path = F_Sheets.swift; sourceTree = "<group>"; };
		D9FA179F02EB61425E2DF62A /* Inter-Variable.ttf */ = {isa = PBXFileReference; lastKnownFileType = file; path = "Inter-Variable.ttf"; sourceTree = "<group>"; };
		DB78B57C63F6CAA75CB24270 /* FaffWatchApp.swift */ = {isa = PBXFileReference; lastKnownFileType = sourcecode.swift; path = FaffWatchApp.swift; sourceTree = "<group>"; };
		DCEEE47B94CDA981E430812A /* NotificationCategories.swift */ = {isa = PBXFileReference; lastKnownFileType = sourcecode.swift; path = NotificationCategories.swift; sourceTree = "<group>"; };
		E2B28F9C8F4604550364F9BC /* WorkoutTracker.swift */ = {isa = PBXFileReference; lastKnownFileType = sourcecode.swift; path = WorkoutTracker.swift; sourceTree = "<group>"; };
		E2F298DBE5A4654D6A3396C9 /* StravaPushHistorySheet.swift */ = {isa = PBXFileReference; lastKnownFileType = sourcecode.swift; path = StravaPushHistorySheet.swift; sourceTree = "<group>"; };
		E341D1073CB161F54628F683 /* RunDetailView.swift */ = {isa = PBXFileReference; lastKnownFileType = sourcecode.swift; path = RunDetailView.swift; sourceTree = "<group>"; };
		E642C82A6F2C85D02FB33076 /* AppCache.swift */ = {isa = PBXFileReference; lastKnownFileType = sourcecode.swift; path = AppCache.swift; sourceTree = "<group>"; };
		E94BF41A96C49C2F0DFE896D /* ActivityView.swift */ = {isa = PBXFileReference; lastKnownFileType = sourcecode.swift; path = ActivityView.swift; sourceTree = "<group>"; };
		ED073449FE88CA9532AFF720 /* J_CoachVerdict.swift */ = {isa = PBXFileReference; lastKnownFileType = sourcecode.swift; path = J_CoachVerdict.swift; sourceTree = "<group>"; };
		EE0C78AC3D1E5FE8777CB224 /* SummaryView.swift */ = {isa = PBXFileReference; lastKnownFileType = sourcecode.swift; path = SummaryView.swift; sourceTree = "<group>"; };
		EE83C39CFEEB37B8BCCE8162 /* ContentView.swift */ = {isa = PBXFileReference; lastKnownFileType = sourcecode.swift; path = ContentView.swift; sourceTree = "<group>"; };
		F5049AFA827E5D99EA69F5D0 /* ProfileView.swift */ = {isa = PBXFileReference; lastKnownFileType = sourcecode.swift; path = ProfileView.swift; sourceTree = "<group>"; };
		F9F1D1BCD775FDA96459FBA9 /* WorkoutRootView.swift */ = {isa = PBXFileReference; lastKnownFileType = sourcecode.swift; path = WorkoutRootView.swift; sourceTree = "<group>"; };
		FCA4369345EE34EAFD3E307C /* LoadState.swift */ = {isa = PBXFileReference; lastKnownFileType = sourcecode.swift; path = LoadState.swift; sourceTree = "<group>"; };
		FDECB6913184502BD42150CF /* ReadinessBriefSheet.swift */ = {isa = PBXFileReference; lastKnownFileType = sourcecode.swift; path = ReadinessBriefSheet.swift; sourceTree = "<group>"; };
/* End PBXFileReference section */

/* Begin PBXGroup section */
		0A0B437F099D018266433028 /* FaffTests */ = {
			isa = PBXGroup;
			children = (
				58ADF42EDED4C71FB0AD2CDD /* Info.plist */,
				15FB44D69A865618A457AB74 /* SignInFlowTests.swift */,
			);
			path = FaffTests;
			sourceTree = "<group>";
		};
		573E715F6A22233F18DAF594 /* Models */ = {
			isa = PBXGroup;
			children = (
				9DDE304E9C6471D398E2D102 /* Briefing.swift */,
				45138C09A08463A9958BCD3F /* CoachFacts.swift */,
				516DCD5B946ABCCE017F3F40 /* CoachIntents.swift */,
				C44CBB9357A15E48DAFCBEEA /* CoachPayloads.swift */,
				ADEF9EEB865458FD9FBA9054 /* FaffPayloads.swift */,
				174FE8C6F00184359AC974B6 /* Races.swift */,
				9CF1EF57B25870ED0684678F /* ReadinessBriefSeed.swift */,
				14E6C4CECAB490A0F91D63C3 /* RecoveryBrief.swift */,
				761D6D9F643EAA00C64D9BBC /* Runs.swift */,
				9883A181E1656DBDC8F3FAFC /* Tips.swift */,
				1B4214411E5A308A6B07D6E4 /* ToolkitPayloads.swift */,
				29E036C5FD2EC231D2FCDC1A /* Watch.swift */,
			);
			path = Models;
			sourceTree = "<group>";
		};
		5B1BB516DE4B53BCF652D3F8 /* Resources */ = {
			isa = PBXGroup;
			children = (
				563BE14031D81E39DC6ED1EB /* Fonts */,
			);
			path = Resources;
			sourceTree = "<group>";
		};
		63DBFAB43C7F7BD31DF0D25E /* Toolkit */ = {
			isa = PBXGroup;
			children = (
				09ABAABCF2CDD7B4DBC82200 /* A_Signals.swift */,
				46AEF8CAC73238CD1F086945 /* B_Provenance.swift */,
				5AD01DD17592B8872CD72B36 /* C_CoachTransparency.swift */,
				AB749F9A43F92F9DF1CA4C2A /* D_Disclosure.swift */,
				7483C37B55D5EABF86C7B744 /* E_Nudges.swift */,
				D8887459C81D2BD8B503FAFE /* F_Sheets.swift */,
				CE323D928DA355934197F38B /* G_Settings.swift */,
				81788CFF9C25B33E02A88C61 /* GlossarySheet.swift */,
				3ABD39EA42BBBD797873A1DE /* H_Race.swift */,
				BEB309AB7B2E3BF539872275 /* I_RunDetail.swift */,
				ED073449FE88CA9532AFF720 /* J_CoachVerdict.swift */,
				12F0216F8FF9AE20E14B49D4 /* K_TargetsProjection.swift */,
			);
			path = Toolkit;
			sourceTree = "<group>";
		};
		88951A9181D51E114B2B4F0F /* Components */ = {
			isa = PBXGroup;
			children = (
				232F9F14460F13DDC369F512 /* Brandmark.swift */,
				6556483A9E7743D2B8695A4E /* BriefingTopicCard.swift */,
				730D6283403CA7FE36BA1199 /* CoachNote.swift */,
				84E231F45E68801F45CA43EB /* DragSheet.swift */,
				0C18DDEE14414B527EFBB143 /* FaffMesh.swift */,
				14A0089434ECA1192B331A77 /* GapBeam.swift */,
				BB5B89100A345745753B0C8B /* HealthBarCard.swift */,
				8A7AF53AC1B5DF3231932FB6 /* HealthCompactGauge.swift */,
				2A5CFC2AD12C7FC7FB755194 /* HealthMetricSheet.swift */,
				7C1BECCB43A8C9B865BBDCA7 /* HealthSeed.swift */,
				1F097DD1FEE235AC5D4AD178 /* HealthSegmentedControl.swift */,
				ADFCB78F95CAC1B19C758D37 /* Heatmap.swift */,
				A69925035C6326F0327A2787 /* HowItWentPanel.swift */,
				FCA4369345EE34EAFD3E307C /* LoadState.swift */,
				0E832B4905DEB6F14ADB19D0 /* MileBars.swift */,
				B0E2C05E3027A3C1CB45AEDD /* PageHeader.swift */,
				2E0F934EAB1B1CC2AD163825 /* Primitives.swift */,
				FDECB6913184502BD42150CF /* ReadinessBriefSheet.swift */,
				8579E34E6C74E08AD40FCB48 /* RunActionMenu.swift */,
				0FC065B278966D7AAA360355 /* ScrubbableTrace.swift */,
				ADD08DB3E4484B1FC6C0C0F8 /* ShoeView.swift */,
				C362A89A498D921AD6A117B0 /* SignInWithAppleView.swift */,
				8638CFAB477DCF206DEFD0EA /* StickyCTABar.swift */,
				9BE2FACB96AFFAE039358E11 /* StravaReconnectBanner.swift */,
				AB1BDC045093EBA34631A9F1 /* TodayPostRunBody.swift */,
				A6142CF93DF4BB8739EB299D /* TodayPreRunBodyV3.swift */,
				C7A4E3C4D2B9F936674A294E /* TodayReadinessPanel.swift */,
				081F3BDD4979D92FC6A19386 /* TodayRecoveryPanel.swift */,
				D3F9F97249181DA2EB82D25D /* TodayShoePicker.swift */,
				D2E15DBC78C7149E2AA0EB45 /* WeekStrip.swift */,
				BD91B5D2A39BE920DD3C4358 /* ZoneBar.swift */,
				63DBFAB43C7F7BD31DF0D25E /* Toolkit */,
			);
			path = Components;
			sourceTree = "<group>";
		};
		8E817150E79B4BCF0540B7B1 /* FaffWatch Watch App */ = {
			isa = PBXGroup;
			children = (
				0A82679266351BEBAFB330F1 /* ActiveWorkoutView.swift */,
				B7BC29B2BF1F273F9E653AEB /* Assets.xcassets */,
				87DEABD97368BE1C69024791 /* ChimePlayer.swift */,
				EE83C39CFEEB37B8BCCE8162 /* ContentView.swift */,
				327F1896B45C80B0A713921B /* CountdownView.swift */,
				7AB076FD4BB8D790F2DB9B79 /* FaceKit.swift */,
				7666ED48810586C430FE7E27 /* Faces.swift */,
				162F4E9C0CB7F4A9A9298265 /* FaffWatch Watch App.entitlements */,
				DB78B57C63F6CAA75CB24270 /* FaffWatchApp.swift */,
				1D4E8F519A9E24A36E4D0BC7 /* Haptics.swift */,
				48BEBF7952F4B1AC4D8682B9 /* IdleView.swift */,
				9FCF573DA7A5C1E3F9FBC5A1 /* Info.plist */,
				BFA85E15978E6315D144D85E /* MIGRATION_PLAN.md */,
				1AA31DB52794BE1700934B01 /* PaceDrift.swift */,
				8B2D7420891F1F0024E3D933 /* PhoneSync.swift */,
				590886F21D4DD966A37DE610 /* ReadinessGlanceView.swift */,
				C1D23DD51213DA16F555FCAA /* ResponsiveFace.swift */,
				EE0C78AC3D1E5FE8777CB224 /* SummaryView.swift */,
				43619EB76197C5C19037C644 /* TreadmillHRSession.swift */,
				760B92E89CF0E2EF5EEB8265 /* TreadmillHRView.swift */,
				5D626345B3F0B0BDED8857D3 /* WatchFaces.swift */,
				79F2EC545B990808978B44F0 /* WatchFixtures.swift */,
				91FC1DB4EC397EFC1B67BFE9 /* WatchTheme.swift */,
				8B95C6BA54C2018236C4EB2B /* WatchWorkoutModels.swift */,
				47B01231CF6EA2F9487242FC /* WorkoutEngine.swift */,
				F9F1D1BCD775FDA96459FBA9 /* WorkoutRootView.swift */,
				E2B28F9C8F4604550364F9BC /* WorkoutTracker.swift */,
				924DB301F22EC43C567F13C5 /* Fonts */,
			);
			path = "FaffWatch Watch App";
			sourceTree = "<group>";
		};
		924DB301F22EC43C567F13C5 /* Fonts */ = {
			isa = PBXGroup;
			children = (
				D731B92BA006865E34779D2A /* BebasNeue-Regular.ttf */,
				351D312A1924397E8D738EDB /* Inter-Bold.ttf */,
				37F523B1198BDF2C15E626B2 /* Inter-SemiBold.ttf */,
				D9FA179F02EB61425E2DF62A /* Inter-Variable.ttf */,
				0CDBF2DFC432A591DA62EDEF /* Oswald-SemiBold.ttf */,
				014129C189442D8193785F35 /* Oswald-Variable.ttf */,
			);
			path = Fonts;
			sourceTree = "<group>";
		};
		9DAD28DB047E17E738BB829D /* Faff */ = {
			isa = PBXGroup;
			children = (
				D2AF09DF27FB96213F809229 /* Faff */,
				0A0B437F099D018266433028 /* FaffTests */,
				8E817150E79B4BCF0540B7B1 /* FaffWatch Watch App */,
			);
			path = Faff;
			sourceTree = "<group>";
		};
		C2B8111A66DF191DD39D2EB4 /* Views */ = {
			isa = PBXGroup;
			children = (
				E94BF41A96C49C2F0DFE896D /* ActivityView.swift */,
				81938656B7079C01BB12693C /* ColdStartView.swift */,
				7E9955658E632F56C2B84C68 /* EmailSignInSheet.swift */,
				A1EC1ECACDBA2B7AF4787D13 /* HealthView.swift */,
				2D2748856DA0BE8CFF0A0E62 /* LearnArticleSheet.swift */,
				430D66F00D99D78BC50D43E3 /* NotificationInboxSheet.swift */,
				C8A9245F66AE1A50C76E2FF3 /* NudgeSheet.swift */,
				9DBDD89E184A2A60C766D18F /* OnboardingView.swift */,
				A94A80371C0077976A33426E /* PaywallView.swift */,
				B07A257EFCEFD45EDA03792D /* PlannedView.swift */,
				F5049AFA827E5D99EA69F5D0 /* ProfileView.swift */,
				188559D9B23742DBC413C75E /* ProView.swift */,
				944DFB34C4D7EF128D8D0F0E /* PRSheet.swift */,
				75CB12F69B8E91BD1846A268 /* RaceDayView.swift */,
				726282D996DBB67B81D4C203 /* RolePickView.swift */,
				894094955F354E1174579A70 /* RootTabView.swift */,
				E341D1073CB161F54628F683 /* RunDetailView.swift */,
				743648B82E2A21410A13F000 /* SettingsView.swift */,
				8FCD25057781DAE979CCDBFC /* ShoesView.swift */,
				7A2DDEC15725161C4032FEC9 /* SignInView.swift */,
				E2F298DBE5A4654D6A3396C9 /* StravaPushHistorySheet.swift */,
				89D7554D68355339D82D6F51 /* TargetsView.swift */,
				54968706EA108BCE1A16D9A6 /* TodayShoeOverrideSheet.swift */,
				3021BAFCB3395A359AD25A3C /* TodayView.swift */,
				175401B3AE5EFD5368347E58 /* TrainView.swift */,
				607A158397177D21CBC58EB8 /* TreadmillView.swift */,
				6F56782BD960562D69ADDCB4 /* UsageSheet.swift */,
				C1E500ED606917B273FF2A51 /* WatchMirrorView.swift */,
				AB6429EC123205552CF65614 /* WeekAheadView.swift */,
				444251779F1CDC004513FAD8 /* WithinReachSheet.swift */,
			);
			path = Views;
			sourceTree = "<group>";
		};
		C76599E847B6D255D6D2CEB2 /* Products */ = {
			isa = PBXGroup;
			children = (
				B6BF22DF1BD412FB1CA83446 /* Faff.app */,
				801D9B1925F0DC65C5E66C0D /* FaffTests.xctest */,
				79B4012183AC95BF2BE27EB4 /* FaffWatch Watch App.app */,
			);
			name = Products;
			sourceTree = "<group>";
		};
		D2AF09DF27FB96213F809229 /* Faff */ = {
			isa = PBXGroup;
			children = (
				CD71B88D7D0751ABFACD1479 /* API.swift */,
				6E06A7E99186B27147ADDE22 /* API+Toolkit.swift */,
				E642C82A6F2C85D02FB33076 /* AppCache.swift */,
				139264554EDD5A64F64E384F /* Assets.xcassets */,
				5A39B98C5EC62375867B3D43 /* Faff.entitlements */,
				3C2B62D9179AAC7D41426156 /* FaffApp.swift */,
				4E27550579AE4BDFA95531DD /* Fonts.swift */,
				6D2418C21CF2BDF76B22187B /* HealthKitImporter.swift */,
				B4EABD5D3321534861E82F02 /* HRAlerter.swift */,
				0743519D766EECA60297B74F /* Info.plist */,
				DCEEE47B94CDA981E430812A /* NotificationCategories.swift */,
				B9DA4E35CB6828B2EA70A434 /* NotificationsAppDelegate.swift */,
				2600BF38DD79CB8A08592B03 /* Theme.swift */,
				80D79010E6307A7B819FD164 /* TokenStore.swift */,
				CDEF841F0E0D35E45EE40065 /* TreadmillHRStreamer.swift */,
				5F356ED0B3C5BA43AC3568B0 /* WatchSync.swift */,
				88951A9181D51E114B2B4F0F /* Components */,
				573E715F6A22233F18DAF594 /* Models */,
				5B1BB516DE4B53BCF652D3F8 /* Resources */,
				EC88686815839E1404C2FFD6 /* Util */,
				C2B8111A66DF191DD39D2EB4 /* Views */,
			);
			path = Faff;
			sourceTree = "<group>";
		};
		D9DEE04D90D1C12AAAA1F464 = {
			isa = PBXGroup;
			children = (
				9DAD28DB047E17E738BB829D /* Faff */,
				C76599E847B6D255D6D2CEB2 /* Products */,
			);
			sourceTree = "<group>";
		};
		EC88686815839E1404C2FFD6 /* Util */ = {
			isa = PBXGroup;
			children = (
				A946A92F47DD42163C1A409F /* RaceName.swift */,
				7664FBCD6CBCAE37BCC24B3B /* SettingsCache.swift */,
				CAC9DAF37D0E9B3DAE9FFDF1 /* StravaOAuthSession.swift */,
			);
			path = Util;
			sourceTree = "<group>";
		};
/* End PBXGroup section */

/* Begin PBXNativeTarget section */
		9AF6A38CFEF69B65F1C70EEC /* FaffTests */ = {
			isa = PBXNativeTarget;
			buildConfigurationList = 4C6F430CD1E922FED0EFC96F /* Build configuration list for PBXNativeTarget "FaffTests" */;
			buildPhases = (
				868CD5BB2739D5547847A282 /* Sources */,
			);
			buildRules = (
			);
			dependencies = (
				3D03D9822507A5256A710E80 /* PBXTargetDependency */,
			);
			name = FaffTests;
			packageProductDependencies = (
			);
			productName = FaffTests;
			productReference = 801D9B1925F0DC65C5E66C0D /* FaffTests.xctest */;
			productType = "com.apple.product-type.bundle.unit-test";
		};
		D9BD02B3EBCA6139CDCA3B00 /* Faff */ = {
			isa = PBXNativeTarget;
			buildConfigurationList = 86D9C3CDB32A47295A6B93AA /* Build configuration list for PBXNativeTarget "Faff" */;
			buildPhases = (
				BDEA2FD24F3637461F07E44C /* Sources */,
				733C4A07DD91440E96DCFCD0 /* Resources */,
				E78D6D288A9B14BD0D2F8FB6 /* Embed Watch Content */,
			);
			buildRules = (
			);
			dependencies = (
				AE5A87476B74B41CEE281430 /* PBXTargetDependency */,
			);
			name = Faff;
			packageProductDependencies = (
			);
			productName = Faff;
			productReference = B6BF22DF1BD412FB1CA83446 /* Faff.app */;
			productType = "com.apple.product-type.application";
		};
		F0F86E55A2FD163346E0F089 /* FaffWatch Watch App */ = {
			isa = PBXNativeTarget;
			buildConfigurationList = F7FD72168A8170EDDA3F4AAC /* Build configuration list for PBXNativeTarget "FaffWatch Watch App" */;
			buildPhases = (
				52D899BE7ED33FECEC2CE254 /* Sources */,
				999AB72C752EF118488838DD /* Resources */,
			);
			buildRules = (
			);
			dependencies = (
			);
			name = "FaffWatch Watch App";
			packageProductDependencies = (
			);
			productName = "FaffWatch Watch App";
			productReference = 79B4012183AC95BF2BE27EB4 /* FaffWatch Watch App.app */;
			productType = "com.apple.product-type.application";
		};
/* End PBXNativeTarget section */

/* Begin PBXProject section */
		71044FC49B493BB4714930F0 /* Project object */ = {
			isa = PBXProject;
			attributes = {
				BuildIndependentTargetsInParallel = YES;
				LastUpgradeCheck = 1430;
				TargetAttributes = {
					9AF6A38CFEF69B65F1C70EEC = {
						DevelopmentTeam = F26TM6BCR3;
						ProvisioningStyle = Automatic;
					};
					D9BD02B3EBCA6139CDCA3B00 = {
						DevelopmentTeam = F26TM6BCR3;
						ProvisioningStyle = Automatic;
					};
					F0F86E55A2FD163346E0F089 = {
						DevelopmentTeam = F26TM6BCR3;
						ProvisioningStyle = Automatic;
					};
				};
			};
			buildConfigurationList = 98F9AE00FC6626AFA7167EBA /* Build configuration list for PBXProject "Faff" */;
			developmentRegion = en;
			hasScannedForEncodings = 0;
			knownRegions = (
				Base,
				en,
			);
			mainGroup = D9DEE04D90D1C12AAAA1F464;
			minimizedProjectReferenceProxies = 1;
			preferredProjectObjectVersion = 77;
			productRefGroup = C76599E847B6D255D6D2CEB2 /* Products */;
			projectDirPath = "";
			projectRoot = "";
			targets = (
				D9BD02B3EBCA6139CDCA3B00 /* Faff */,
				9AF6A38CFEF69B65F1C70EEC /* FaffTests */,
				F0F86E55A2FD163346E0F089 /* FaffWatch Watch App */,
			);
		};
/* End PBXProject section */

/* Begin PBXResourcesBuildPhase section */
		733C4A07DD91440E96DCFCD0 /* Resources */ = {
			isa = PBXResourcesBuildPhase;
			buildActionMask = 2147483647;
			files = (
				16105FF9F23FE470CECECD32 /* Assets.xcassets in Resources */,
				BB4BDF90BCB0400D90CCC711 /* Fonts in Resources */,
			);
			runOnlyForDeploymentPostprocessing = 0;
		};
		999AB72C752EF118488838DD /* Resources */ = {
			isa = PBXResourcesBuildPhase;
			buildActionMask = 2147483647;
			files = (
				EF763AF01134F55FCCAA076C /* Assets.xcassets in Resources */,
				6A351129DEF28BDCC340851C /* BebasNeue-Regular.ttf in Resources */,
				C5A08D2FCA35C23EFDCDE646 /* Inter-Bold.ttf in Resources */,
				2919F201CE287CAF6B172EED /* Inter-SemiBold.ttf in Resources */,
				923AE80C7C5A47CFFFA7423A /* Inter-Variable.ttf in Resources */,
				9A0782D74045550D150EBBC2 /* MIGRATION_PLAN.md in Resources */,
				DB53ACA1DBB39F46EB32303C /* Oswald-SemiBold.ttf in Resources */,
				241CFCD0626CE2C875BE32F2 /* Oswald-Variable.ttf in Resources */,
			);
			runOnlyForDeploymentPostprocessing = 0;
		};
/* End PBXResourcesBuildPhase section */

/* Begin PBXSourcesBuildPhase section */
		52D899BE7ED33FECEC2CE254 /* Sources */ = {
			isa = PBXSourcesBuildPhase;
			buildActionMask = 2147483647;
			files = (
				CBF05C82C08D2CAD384C3008 /* ActiveWorkoutView.swift in Sources */,
				E54713F776795DC8AB4F468D /* ChimePlayer.swift in Sources */,
				ED3DBAEF3FFB60390FE0317B /* ContentView.swift in Sources */,
				B4BA0E10F8F54E818E92E24F /* CountdownView.swift in Sources */,
				FEA42A4E4B4191BD50CBCA23 /* FaceKit.swift in Sources */,
				82E76F98D8A2E62E46456CDB /* Faces.swift in Sources */,
				F78C87C61CF8C1E957424497 /* FaffWatchApp.swift in Sources */,
				FDFB5B7B4C41C8B3C7BBF7C8 /* Haptics.swift in Sources */,
				33B4FF295A8A74B4CFA43AEF /* IdleView.swift in Sources */,
				9276B87CB0A938E3DF8E70EA /* PaceDrift.swift in Sources */,
				9CFEBBFA3F3370E991138836 /* PhoneSync.swift in Sources */,
				961FBF4DEC67B3CAD676A523 /* ReadinessGlanceView.swift in Sources */,
				96AB4DF9DC78C005205930DA /* ResponsiveFace.swift in Sources */,
				02629A8715894D5C2D6B5F47 /* SummaryView.swift in Sources */,
				12C8B803062A13AD7088FE18 /* TreadmillHRSession.swift in Sources */,
				087938D53B0E81241BFCCA7A /* TreadmillHRView.swift in Sources */,
				9F33022A531EBF8A5C922A47 /* WatchFaces.swift in Sources */,
				08CF7BD58B8FA3767E595667 /* WatchFixtures.swift in Sources */,
				0C7CECA6722DD1B30C6C89EB /* WatchTheme.swift in Sources */,
				2FFA12FF938E115A5971545D /* WatchWorkoutModels.swift in Sources */,
				FE0352B79DCC62AE1008EB2A /* WorkoutEngine.swift in Sources */,
				AAF411FFC548C34FA08F3A29 /* WorkoutRootView.swift in Sources */,
				97FF3141FF9E86C28E4B824B /* WorkoutTracker.swift in Sources */,
			);
			runOnlyForDeploymentPostprocessing = 0;
		};
		868CD5BB2739D5547847A282 /* Sources */ = {
			isa = PBXSourcesBuildPhase;
			buildActionMask = 2147483647;
			files = (
				6BE40F3E6AA911AD15D8C08E /* SignInFlowTests.swift in Sources */,
			);
			runOnlyForDeploymentPostprocessing = 0;
		};
		BDEA2FD24F3637461F07E44C /* Sources */ = {
			isa = PBXSourcesBuildPhase;
			buildActionMask = 2147483647;
			files = (
				06733C4049CBBF30D8DF2EA1 /* API+Toolkit.swift in Sources */,
				ABA8B73ABAB07391B459D29A /* API.swift in Sources */,
				EAF8355DE9CD72C8C10FFD51 /* A_Signals.swift in Sources */,
				AA3F43C1079621406B520A96 /* ActivityView.swift in Sources */,
				36B9DFECC527B9516F2E9D87 /* AppCache.swift in Sources */,
				A11A3E74B3A9B30D43030CAA /* B_Provenance.swift in Sources */,
				22DC594B5818D987FD7101EB /* Brandmark.swift in Sources */,
				E18843BC1D6862FEB7FEB126 /* Briefing.swift in Sources */,
				9E415C1133441F6D7667FFED /* BriefingTopicCard.swift in Sources */,
				D3BC37653D9BE02DAEABE840 /* C_CoachTransparency.swift in Sources */,
				5966D86B3E01B512FB053BD2 /* CoachFacts.swift in Sources */,
				CBCBD59107DBD5C69D2DE353 /* CoachIntents.swift in Sources */,
				4167E13357AE78F92DB3AB54 /* CoachNote.swift in Sources */,
				8207DC567E0A8DE57DBFB58B /* CoachPayloads.swift in Sources */,
				14C9CA2FFD11F545E83DE1A9 /* ColdStartView.swift in Sources */,
				DFF432A5660C9F03C222442B /* D_Disclosure.swift in Sources */,
				A4BFA53D2EB8255A25E154AD /* DragSheet.swift in Sources */,
				9AE98D4A316A6880817CB236 /* E_Nudges.swift in Sources */,
				3DFD4C5161A0FAD5F32AB8CA /* EmailSignInSheet.swift in Sources */,
				97C0A9C35C5B8D867ADBB661 /* F_Sheets.swift in Sources */,
				30E888D8A41D7AFE87EFE184 /* FaffApp.swift in Sources */,
				456E4CFA1CB168E314A39A1D /* FaffMesh.swift in Sources */,
				4CACFB0EB456705EF1BAABB5 /* FaffPayloads.swift in Sources */,
				661A5023FC889EDA87B6F560 /* Fonts.swift in Sources */,
				4E88DDDEE13FBFC793505EDE /* G_Settings.swift in Sources */,
				72295A32D77A1E55A73562A2 /* GapBeam.swift in Sources */,
				389B0803B48A9E1E69A77F7E /* GlossarySheet.swift in Sources */,
				D4E3F4875BAFEC6F6D5FDCC7 /* HRAlerter.swift in Sources */,
				DCE2223693C29FA234BD04EE /* H_Race.swift in Sources */,
				4268337743293417D7382EA7 /* HealthBarCard.swift in Sources */,
				57463FD11EB2AB16CE4C44F7 /* HealthCompactGauge.swift in Sources */,
				ACA6645F1B466A2A24E43209 /* HealthKitImporter.swift in Sources */,
				C653DE64F5E3F659FD12EBAB /* HealthMetricSheet.swift in Sources */,
				B7A4614D920CC943C7E2CEB4 /* HealthSeed.swift in Sources */,
				6D9687543F5EBEA6E7422E8F /* HealthSegmentedControl.swift in Sources */,
				A9540BA3268DA8CC72864FA3 /* HealthView.swift in Sources */,
				98B67F36D5862F5F11AEE994 /* Heatmap.swift in Sources */,
				DB7051BAA1747F4009026BA6 /* HowItWentPanel.swift in Sources */,
				D59C57B5BFC8646851663ABF /* I_RunDetail.swift in Sources */,
				621F3BF05BA2F7DBEAAD2033 /* J_CoachVerdict.swift in Sources */,
				3EB76E519E17B14973CF58F1 /* K_TargetsProjection.swift in Sources */,
				A66CE409BB06035C16E77160 /* LearnArticleSheet.swift in Sources */,
				FF78B023B6AF759194C870EC /* LoadState.swift in Sources */,
				669B521E9E81BFA9EFFFBC60 /* MileBars.swift in Sources */,
				47F3245DF57F054F4D025850 /* NotificationCategories.swift in Sources */,
				A2E9E71A2FA154AA15B03FC3 /* NotificationInboxSheet.swift in Sources */,
				D92EA33FB4285F4A8AB859C9 /* NotificationsAppDelegate.swift in Sources */,
				9D4EFA11F803DC6352341222 /* NudgeSheet.swift in Sources */,
				7D6EEA014498E248E262CC14 /* OnboardingView.swift in Sources */,
				CDF6A305760D7B40D0E0BC36 /* PRSheet.swift in Sources */,
				86A22E83FA6253F8776972F9 /* PageHeader.swift in Sources */,
				B28BF8DF63FBE6282E8BF2DF /* PaywallView.swift in Sources */,
				531A5724C7E47FBEF3AC3D5B /* PlannedView.swift in Sources */,
				D2D6BC52AB864AD678DF3709 /* Primitives.swift in Sources */,
				3F8961DDB77A018095E82A1D /* ProView.swift in Sources */,
				21BAA9938430A3B59A7DA1FF /* ProfileView.swift in Sources */,
				58C73FAA4F3A621C91A48076 /* RaceDayView.swift in Sources */,
				EEC673F6BECB80E471270414 /* RaceName.swift in Sources */,
				7A0F250BA4DA7F45225E8030 /* Races.swift in Sources */,
				EB4A118FB7E42C2751A6709D /* ReadinessBriefSeed.swift in Sources */,
				14640A3705B32648E88B7E91 /* ReadinessBriefSheet.swift in Sources */,
				269C1642A3928FABA51378F5 /* RecoveryBrief.swift in Sources */,
				C1961C2571F61331D7688A9F /* RolePickView.swift in Sources */,
				097BBD3A01CCAB65AC7F4F60 /* RootTabView.swift in Sources */,
				E0BE2A0BC43ECFFFEFE7A395 /* RunActionMenu.swift in Sources */,
				E05B05674D1FD82CFD0AC965 /* RunDetailView.swift in Sources */,
				3FA40EF549EB399B802A3C9A /* Runs.swift in Sources */,
				8A9B601EB7B9856185B78459 /* ScrubbableTrace.swift in Sources */,
				3A64039201C05E24C914B07D /* SettingsCache.swift in Sources */,
				44DDBCF77E1B9D072A6A11C1 /* SettingsView.swift in Sources */,
				5CC15617CBD77E60E78F0B75 /* ShoeView.swift in Sources */,
				39609C4FA97B179028535FD4 /* ShoesView.swift in Sources */,
				CF1C1E572DC1A191D8D58977 /* SignInView.swift in Sources */,
				EC866FAAF92DEEFE295EA715 /* SignInWithAppleView.swift in Sources */,
				ED8A185C9C02773FFC2E41D6 /* StickyCTABar.swift in Sources */,
				BE1AE0E4AC08E6B55B1B87D7 /* StravaOAuthSession.swift in Sources */,
				82583B8BEA1A55C53A47687D /* StravaPushHistorySheet.swift in Sources */,
				D1097CBDA1F05F55910B5163 /* StravaReconnectBanner.swift in Sources */,
				5E96515E4E3AEB50C7224C2F /* TargetsView.swift in Sources */,
				83B9F89A53AF34654F0DCC3D /* Theme.swift in Sources */,
				49DD1311332CCD7EC88681EC /* Tips.swift in Sources */,
				C04EABC1AFE4F8CEAC64F2F5 /* TodayPostRunBody.swift in Sources */,
				037104D1F1956FCD28FA4915 /* TodayPreRunBodyV3.swift in Sources */,
				FD192DE884BE0A0DA2037E99 /* TodayReadinessPanel.swift in Sources */,
				8CDFAB33DF64025E741E486C /* TodayRecoveryPanel.swift in Sources */,
				C2714A39BB9C6911E505C9E9 /* TodayShoeOverrideSheet.swift in Sources */,
				05EEB9EB948603B0592062F2 /* TodayShoePicker.swift in Sources */,
				A4B00D17F9CD81D6D57E75E3 /* TodayView.swift in Sources */,
				E0FAADAA9A64E904A270BA5E /* TokenStore.swift in Sources */,
				A2205010201940343C1796E2 /* ToolkitPayloads.swift in Sources */,
				DDEC03C890DF05DF53ECDF7F /* TrainView.swift in Sources */,
				E1D19AD240AAA3B18043EF2F /* TreadmillHRStreamer.swift in Sources */,
				93719A4457B3D049C1A86D64 /* TreadmillView.swift in Sources */,
				5A0D13F6D6761F2F12556838 /* UsageSheet.swift in Sources */,
				BD055CFEF09795F990AD96F3 /* Watch.swift in Sources */,
				5145860E3D5DA3AF58559C74 /* WatchMirrorView.swift in Sources */,
				0565B4AAF1E1AC26C3DE1F75 /* WatchSync.swift in Sources */,
				0FE433223DC5369A657B77E7 /* WeekAheadView.swift in Sources */,
				3BA6B12FCF16C3B5BD62797B /* WeekStrip.swift in Sources */,
				7380AA0621D427003EE43F2E /* WithinReachSheet.swift in Sources */,
				60441969D5FB3C1127CFCFF3 /* ZoneBar.swift in Sources */,
			);
			runOnlyForDeploymentPostprocessing = 0;
		};
/* End PBXSourcesBuildPhase section */

/* Begin PBXTargetDependency section */
		3D03D9822507A5256A710E80 /* PBXTargetDependency */ = {
			isa = PBXTargetDependency;
			target = D9BD02B3EBCA6139CDCA3B00 /* Faff */;
			targetProxy = 718BAEC696AFE08A255D2F3B /* PBXContainerItemProxy */;
		};
		AE5A87476B74B41CEE281430 /* PBXTargetDependency */ = {
			isa = PBXTargetDependency;
			target = F0F86E55A2FD163346E0F089 /* FaffWatch Watch App */;
			targetProxy = 0A0DB7EF2A01E8779D699655 /* PBXContainerItemProxy */;
		};
/* End PBXTargetDependency section */

/* Begin XCBuildConfiguration section */
		0D95FB212EAB452FEF8FF123 /* Debug */ = {
			isa = XCBuildConfiguration;
			buildSettings = {
				ALWAYS_SEARCH_USER_PATHS = NO;
				CLANG_ANALYZER_NONNULL = YES;
				CLANG_ANALYZER_NUMBER_OBJECT_CONVERSION = YES_AGGRESSIVE;
				CLANG_CXX_LANGUAGE_STANDARD = "gnu++14";
				CLANG_CXX_LIBRARY = "libc++";
				CLANG_ENABLE_MODULES = YES;
				CLANG_ENABLE_OBJC_ARC = YES;
				CLANG_ENABLE_OBJC_WEAK = YES;
				CLANG_WARN_BLOCK_CAPTURE_AUTORELEASING = YES;
				CLANG_WARN_BOOL_CONVERSION = YES;
				CLANG_WARN_COMMA = YES;
				CLANG_WARN_CONSTANT_CONVERSION = YES;
				CLANG_WARN_DEPRECATED_OBJC_IMPLEMENTATIONS = YES;
				CLANG_WARN_DIRECT_OBJC_ISA_USAGE = YES_ERROR;
				CLANG_WARN_DOCUMENTATION_COMMENTS = YES;
				CLANG_WARN_EMPTY_BODY = YES;
				CLANG_WARN_ENUM_CONVERSION = YES;
				CLANG_WARN_INFINITE_RECURSION = YES;
				CLANG_WARN_INT_CONVERSION = YES;
				CLANG_WARN_NON_LITERAL_NULL_CONVERSION = YES;
				CLANG_WARN_OBJC_IMPLICIT_RETAIN_SELF = YES;
				CLANG_WARN_OBJC_LITERAL_CONVERSION = YES;
				CLANG_WARN_OBJC_ROOT_CLASS = YES_ERROR;
				CLANG_WARN_QUOTED_INCLUDE_IN_FRAMEWORK_HEADER = YES;
				CLANG_WARN_RANGE_LOOP_ANALYSIS = YES;
				CLANG_WARN_STRICT_PROTOTYPES = YES;
				CLANG_WARN_SUSPICIOUS_MOVE = YES;
				CLANG_WARN_UNGUARDED_AVAILABILITY = YES_AGGRESSIVE;
				CLANG_WARN_UNREACHABLE_CODE = YES;
				CLANG_WARN__DUPLICATE_METHOD_MATCH = YES;
				CODE_SIGN_STYLE = Automatic;
				COPY_PHASE_STRIP = NO;
				CURRENT_PROJECT_VERSION = 1;
				DEBUG_INFORMATION_FORMAT = dwarf;
				DEVELOPMENT_TEAM = F26TM6BCR3;
				ENABLE_STRICT_OBJC_MSGSEND = YES;
				ENABLE_TESTABILITY = YES;
				ENABLE_USER_SCRIPT_SANDBOXING = YES;
				GCC_C_LANGUAGE_STANDARD = gnu11;
				GCC_DYNAMIC_NO_PIC = NO;
				GCC_NO_COMMON_BLOCKS = YES;
				GCC_OPTIMIZATION_LEVEL = 0;
				GCC_PREPROCESSOR_DEFINITIONS = (
					"$(inherited)",
					"DEBUG=1",
				);
				GCC_WARN_64_TO_32_BIT_CONVERSION = YES;
				GCC_WARN_ABOUT_RETURN_TYPE = YES_ERROR;
				GCC_WARN_UNDECLARED_SELECTOR = YES;
				GCC_WARN_UNINITIALIZED_AUTOS = YES_AGGRESSIVE;
				GCC_WARN_UNUSED_FUNCTION = YES;
				GCC_WARN_UNUSED_VARIABLE = YES;
				GENERATE_INFOPLIST_FILE = YES;
				IPHONEOS_DEPLOYMENT_TARGET = 17.0;
				MARKETING_VERSION = 3.0.1;
				MTL_ENABLE_DEBUG_INFO = INCLUDE_SOURCE;
				MTL_FAST_MATH = YES;
				ONLY_ACTIVE_ARCH = YES;
				PRODUCT_NAME = "$(TARGET_NAME)";
				SWIFT_ACTIVE_COMPILATION_CONDITIONS = DEBUG;
				SWIFT_OPTIMIZATION_LEVEL = "-Onone";
				SWIFT_TREAT_WARNINGS_AS_ERRORS = NO;
				SWIFT_VERSION = 5.9;
			};
			name = Debug;
		};
		0FA0CC0730872B194062F2A5 /* Release */ = {
			isa = XCBuildConfiguration;
			buildSettings = {
				ASSETCATALOG_COMPILER_APPICON_NAME = AppIcon;
				CODE_SIGN_ENTITLEMENTS = Faff/Faff/Faff.entitlements;
				CODE_SIGN_IDENTITY = "iPhone Developer";
				INFOPLIST_FILE = Faff/Faff/Info.plist;
				INFOPLIST_KEY_UIApplicationSceneManifest_Generation = NO;
				LD_RUNPATH_SEARCH_PATHS = (
					"$(inherited)",
					"@executable_path/Frameworks",
				);
				PRODUCT_BUNDLE_IDENTIFIER = run.faff.app;
				SDKROOT = iphoneos;
				SUPPORTS_MACCATALYST = NO;
				SWIFT_DEFAULT_ACTOR_ISOLATION = MainActor;
				SWIFT_STRICT_CONCURRENCY = minimal;
				SWIFT_UPCOMING_FEATURE_STRICT_CONCURRENCY = NO;
				TARGETED_DEVICE_FAMILY = 1;
			};
			name = Release;
		};
		30805860F3A8D2C943329571 /* Debug */ = {
			isa = XCBuildConfiguration;
			buildSettings = {
				ASSETCATALOG_COMPILER_APPICON_NAME = AppIcon;
				CODE_SIGN_ENTITLEMENTS = "Faff/FaffWatch Watch App/FaffWatch Watch App.entitlements";
				INFOPLIST_FILE = "Faff/FaffWatch Watch App/Info.plist";
				INFOPLIST_KEY_CFBundleDisplayName = faff;
				INFOPLIST_KEY_WKApplication = YES;
				INFOPLIST_KEY_WKCompanionAppBundleIdentifier = run.faff.app;
				PRODUCT_BUNDLE_IDENTIFIER = run.faff.app.watchkitapp;
				SDKROOT = watchos;
				SKIP_INSTALL = YES;
				SUPPORTS_MACCATALYST = NO;
				SWIFT_DEFAULT_ACTOR_ISOLATION = MainActor;
				SWIFT_STRICT_CONCURRENCY = minimal;
				SWIFT_UPCOMING_FEATURE_STRICT_CONCURRENCY = NO;
				SWIFT_VERSION = 5.0;
				TARGETED_DEVICE_FAMILY = 4;
				WATCHOS_DEPLOYMENT_TARGET = 10.0;
			};
			name = Debug;
		};
		4843A988CF31DE9EF51B25EF /* Release */ = {
			isa = XCBuildConfiguration;
			buildSettings = {
				ASSETCATALOG_COMPILER_APPICON_NAME = AppIcon;
				CODE_SIGN_ENTITLEMENTS = "Faff/FaffWatch Watch App/FaffWatch Watch App.entitlements";
				INFOPLIST_FILE = "Faff/FaffWatch Watch App/Info.plist";
				INFOPLIST_KEY_CFBundleDisplayName = faff;
				INFOPLIST_KEY_WKApplication = YES;
				INFOPLIST_KEY_WKCompanionAppBundleIdentifier = run.faff.app;
				PRODUCT_BUNDLE_IDENTIFIER = run.faff.app.watchkitapp;
				SDKROOT = watchos;
				SKIP_INSTALL = YES;
				SUPPORTS_MACCATALYST = NO;
				SWIFT_DEFAULT_ACTOR_ISOLATION = MainActor;
				SWIFT_STRICT_CONCURRENCY = minimal;
				SWIFT_UPCOMING_FEATURE_STRICT_CONCURRENCY = NO;
				SWIFT_VERSION = 5.0;
				TARGETED_DEVICE_FAMILY = 4;
				WATCHOS_DEPLOYMENT_TARGET = 10.0;
			};
			name = Release;
		};
		65D3168FDF58F02C464232AA /* Debug */ = {
			isa = XCBuildConfiguration;
			buildSettings = {
				ASSETCATALOG_COMPILER_APPICON_NAME = AppIcon;
				CODE_SIGN_ENTITLEMENTS = Faff/Faff/Faff.entitlements;
				CODE_SIGN_IDENTITY = "iPhone Developer";
				INFOPLIST_FILE = Faff/Faff/Info.plist;
				INFOPLIST_KEY_UIApplicationSceneManifest_Generation = NO;
				LD_RUNPATH_SEARCH_PATHS = (
					"$(inherited)",
					"@executable_path/Frameworks",
				);
				PRODUCT_BUNDLE_IDENTIFIER = run.faff.app;
				SDKROOT = iphoneos;
				SUPPORTS_MACCATALYST = NO;
				SWIFT_DEFAULT_ACTOR_ISOLATION = MainActor;
				SWIFT_STRICT_CONCURRENCY = minimal;
				SWIFT_UPCOMING_FEATURE_STRICT_CONCURRENCY = NO;
				TARGETED_DEVICE_FAMILY = 1;
			};
			name = Debug;
		};
		730A99E08A5CCDDD01792ABC /* Release */ = {
			isa = XCBuildConfiguration;
			buildSettings = {
				ALWAYS_SEARCH_USER_PATHS = NO;
				CLANG_ANALYZER_NONNULL = YES;
				CLANG_ANALYZER_NUMBER_OBJECT_CONVERSION = YES_AGGRESSIVE;
				CLANG_CXX_LANGUAGE_STANDARD = "gnu++14";
				CLANG_CXX_LIBRARY = "libc++";
				CLANG_ENABLE_MODULES = YES;
				CLANG_ENABLE_OBJC_ARC = YES;
				CLANG_ENABLE_OBJC_WEAK = YES;
				CLANG_WARN_BLOCK_CAPTURE_AUTORELEASING = YES;
				CLANG_WARN_BOOL_CONVERSION = YES;
				CLANG_WARN_COMMA = YES;
				CLANG_WARN_CONSTANT_CONVERSION = YES;
				CLANG_WARN_DEPRECATED_OBJC_IMPLEMENTATIONS = YES;
				CLANG_WARN_DIRECT_OBJC_ISA_USAGE = YES_ERROR;
				CLANG_WARN_DOCUMENTATION_COMMENTS = YES;
				CLANG_WARN_EMPTY_BODY = YES;
				CLANG_WARN_ENUM_CONVERSION = YES;
				CLANG_WARN_INFINITE_RECURSION = YES;
				CLANG_WARN_INT_CONVERSION = YES;
				CLANG_WARN_NON_LITERAL_NULL_CONVERSION = YES;
				CLANG_WARN_OBJC_IMPLICIT_RETAIN_SELF = YES;
				CLANG_WARN_OBJC_LITERAL_CONVERSION = YES;
				CLANG_WARN_OBJC_ROOT_CLASS = YES_ERROR;
				CLANG_WARN_QUOTED_INCLUDE_IN_FRAMEWORK_HEADER = YES;
				CLANG_WARN_RANGE_LOOP_ANALYSIS = YES;
				CLANG_WARN_STRICT_PROTOTYPES = YES;
				CLANG_WARN_SUSPICIOUS_MOVE = YES;
				CLANG_WARN_UNGUARDED_AVAILABILITY = YES_AGGRESSIVE;
				CLANG_WARN_UNREACHABLE_CODE = YES;
				CLANG_WARN__DUPLICATE_METHOD_MATCH = YES;
				CODE_SIGN_STYLE = Automatic;
				COPY_PHASE_STRIP = NO;
				CURRENT_PROJECT_VERSION = 1;
				DEBUG_INFORMATION_FORMAT = "dwarf-with-dsym";
				DEVELOPMENT_TEAM = F26TM6BCR3;
				ENABLE_NS_ASSERTIONS = NO;
				ENABLE_STRICT_OBJC_MSGSEND = YES;
				ENABLE_USER_SCRIPT_SANDBOXING = YES;
				GCC_C_LANGUAGE_STANDARD = gnu11;
				GCC_NO_COMMON_BLOCKS = YES;
				GCC_WARN_64_TO_32_BIT_CONVERSION = YES;
				GCC_WARN_ABOUT_RETURN_TYPE = YES_ERROR;
				GCC_WARN_UNDECLARED_SELECTOR = YES;
				GCC_WARN_UNINITIALIZED_AUTOS = YES_AGGRESSIVE;
				GCC_WARN_UNUSED_FUNCTION = YES;
				GCC_WARN_UNUSED_VARIABLE = YES;
				GENERATE_INFOPLIST_FILE = YES;
				IPHONEOS_DEPLOYMENT_TARGET = 17.0;
				MARKETING_VERSION = 3.0.1;
				MTL_ENABLE_DEBUG_INFO = NO;
				MTL_FAST_MATH = YES;
				PRODUCT_NAME = "$(TARGET_NAME)";
				SWIFT_COMPILATION_MODE = wholemodule;
				SWIFT_OPTIMIZATION_LEVEL = "-O";
				SWIFT_TREAT_WARNINGS_AS_ERRORS = NO;
				SWIFT_VERSION = 5.9;
			};
			name = Release;
		};
		EC1680180FF9B5DDF0B4FCDA /* Debug */ = {
			isa = XCBuildConfiguration;
			buildSettings = {
				BUNDLE_LOADER = "$(TEST_HOST)";
				INFOPLIST_FILE = Faff/FaffTests/Info.plist;
				LD_RUNPATH_SEARCH_PATHS = (
					"$(inherited)",
					"@executable_path/Frameworks",
					"@loader_path/Frameworks",
				);
				PRODUCT_BUNDLE_IDENTIFIER = run.faff.app.tests;
				SDKROOT = iphoneos;
				SWIFT_DEFAULT_ACTOR_ISOLATION = MainActor;
				SWIFT_STRICT_CONCURRENCY = minimal;
				SWIFT_UPCOMING_FEATURE_STRICT_CONCURRENCY = NO;
				SWIFT_VERSION = 5.9;
				TARGETED_DEVICE_FAMILY = 1;
				TEST_HOST = "$(BUILT_PRODUCTS_DIR)/Faff.app/$(BUNDLE_EXECUTABLE_FOLDER_PATH)/Faff";
			};
			name = Debug;
		};
		F0F2F9052BCF8BE1669982B9 /* Release */ = {
			isa = XCBuildConfiguration;
			buildSettings = {
				BUNDLE_LOADER = "$(TEST_HOST)";
				INFOPLIST_FILE = Faff/FaffTests/Info.plist;
				LD_RUNPATH_SEARCH_PATHS = (
					"$(inherited)",
					"@executable_path/Frameworks",
					"@loader_path/Frameworks",
				);
				PRODUCT_BUNDLE_IDENTIFIER = run.faff.app.tests;
				SDKROOT = iphoneos;
				SWIFT_DEFAULT_ACTOR_ISOLATION = MainActor;
				SWIFT_STRICT_CONCURRENCY = minimal;
				SWIFT_UPCOMING_FEATURE_STRICT_CONCURRENCY = NO;
				SWIFT_VERSION = 5.9;
				TARGETED_DEVICE_FAMILY = 1;
				TEST_HOST = "$(BUILT_PRODUCTS_DIR)/Faff.app/$(BUNDLE_EXECUTABLE_FOLDER_PATH)/Faff";
			};
			name = Release;
		};
/* End XCBuildConfiguration section */

/* Begin XCConfigurationList section */
		4C6F430CD1E922FED0EFC96F /* Build configuration list for PBXNativeTarget "FaffTests" */ = {
			isa = XCConfigurationList;
			buildConfigurations = (
				EC1680180FF9B5DDF0B4FCDA /* Debug */,
				F0F2F9052BCF8BE1669982B9 /* Release */,
			);
			defaultConfigurationIsVisible = 0;
			defaultConfigurationName = Release;
		};
		86D9C3CDB32A47295A6B93AA /* Build configuration list for PBXNativeTarget "Faff" */ = {
			isa = XCConfigurationList;
			buildConfigurations = (
				65D3168FDF58F02C464232AA /* Debug */,
				0FA0CC0730872B194062F2A5 /* Release */,
			);
			defaultConfigurationIsVisible = 0;
			defaultConfigurationName = Release;
		};
		98F9AE00FC6626AFA7167EBA /* Build configuration list for PBXProject "Faff" */ = {
			isa = XCConfigurationList;
			buildConfigurations = (
				0D95FB212EAB452FEF8FF123 /* Debug */,
				730A99E08A5CCDDD01792ABC /* Release */,
			);
			defaultConfigurationIsVisible = 0;
			defaultConfigurationName = Release;
		};
		F7FD72168A8170EDDA3F4AAC /* Build configuration list for PBXNativeTarget "FaffWatch Watch App" */ = {
			isa = XCConfigurationList;
			buildConfigurations = (
				30805860F3A8D2C943329571 /* Debug */,
				4843A988CF31DE9EF51B25EF /* Release */,
			);
			defaultConfigurationIsVisible = 0;
			defaultConfigurationName = Release;
		};
/* End XCConfigurationList section */
	};
	rootObject = 71044FC49B493BB4714930F0 /* Project object */;
}
