// !$*UTF8*$!
{
	archiveVersion = 1;
	classes = {
	};
	objectVersion = 77;
	objects = {

/* Begin PBXBuildFile section */
		02629A8715894D5C2D6B5F47 /* SummaryView.swift in Sources */ = {isa = PBXBuildFile; fileRef = EE0C78AC3D1E5FE8777CB224 /* SummaryView.swift */; };
		0565B4AAF1E1AC26C3DE1F75 /* WatchSync.swift in Sources */ = {isa = PBXBuildFile; fileRef = 5F356ED0B3C5BA43AC3568B0 /* WatchSync.swift */; };
		063930F921E1B26E274CC6A1 /* TrainingView.swift in Sources */ = {isa = PBXBuildFile; fileRef = C81CA1D7127B12E871854210 /* TrainingView.swift */; };
		08CF7BD58B8FA3767E595667 /* WatchFixtures.swift in Sources */ = {isa = PBXBuildFile; fileRef = 79F2EC545B990808978B44F0 /* WatchFixtures.swift */; };
		0C7CECA6722DD1B30C6C89EB /* WatchTheme.swift in Sources */ = {isa = PBXBuildFile; fileRef = 91FC1DB4EC397EFC1B67BFE9 /* WatchTheme.swift */; };
		13B4162B4830A44A709F20B2 /* Cards.swift in Sources */ = {isa = PBXBuildFile; fileRef = FBCEB932B2D6CD7DB54198CE /* Cards.swift */; };
		16105FF9F23FE470CECECD32 /* Assets.xcassets in Resources */ = {isa = PBXBuildFile; fileRef = 139264554EDD5A64F64E384F /* Assets.xcassets */; };
		21BAA9938430A3B59A7DA1FF /* ProfileView.swift in Sources */ = {isa = PBXBuildFile; fileRef = F5049AFA827E5D99EA69F5D0 /* ProfileView.swift */; };
		241CFCD0626CE2C875BE32F2 /* Oswald-Variable.ttf in Resources */ = {isa = PBXBuildFile; fileRef = 014129C189442D8193785F35 /* Oswald-Variable.ttf */; };
		2919F201CE287CAF6B172EED /* Inter-SemiBold.ttf in Resources */ = {isa = PBXBuildFile; fileRef = 37F523B1198BDF2C15E626B2 /* Inter-SemiBold.ttf */; };
		2B8E6FC6F23A1D61F284D762 /* ManualRunSheet.swift in Sources */ = {isa = PBXBuildFile; fileRef = 9B93FB86D5FABEE9E86847A5 /* ManualRunSheet.swift */; };
		2FFA12FF938E115A5971545D /* WatchWorkoutModels.swift in Sources */ = {isa = PBXBuildFile; fileRef = 8B95C6BA54C2018236C4EB2B /* WatchWorkoutModels.swift */; };
		30E888D8A41D7AFE87EFE184 /* FaffApp.swift in Sources */ = {isa = PBXBuildFile; fileRef = 3C2B62D9179AAC7D41426156 /* FaffApp.swift */; };
		33B4FF295A8A74B4CFA43AEF /* IdleView.swift in Sources */ = {isa = PBXBuildFile; fileRef = 48BEBF7952F4B1AC4D8682B9 /* IdleView.swift */; };
		3FA40EF549EB399B802A3C9A /* Runs.swift in Sources */ = {isa = PBXBuildFile; fileRef = 761D6D9F643EAA00C64D9BBC /* Runs.swift */; };
		5AA14774A3E133CF375A5822 /* RunDetailSheet.swift in Sources */ = {isa = PBXBuildFile; fileRef = 543E63FDFDB141572ACDDD5A /* RunDetailSheet.swift */; };
		661A5023FC889EDA87B6F560 /* Fonts.swift in Sources */ = {isa = PBXBuildFile; fileRef = 4E27550579AE4BDFA95531DD /* Fonts.swift */; };
		6A351129DEF28BDCC340851C /* BebasNeue-Regular.ttf in Resources */ = {isa = PBXBuildFile; fileRef = D731B92BA006865E34779D2A /* BebasNeue-Regular.ttf */; };
		78BE7ECCED15871BBF72C293 /* LogView.swift in Sources */ = {isa = PBXBuildFile; fileRef = 9677E0A1ECD5D37DF62A4A2D /* LogView.swift */; };
		82E76F98D8A2E62E46456CDB /* Faces.swift in Sources */ = {isa = PBXBuildFile; fileRef = 7666ED48810586C430FE7E27 /* Faces.swift */; };
		831522736DD104E914590A01 /* CoachBlock.swift in Sources */ = {isa = PBXBuildFile; fileRef = 03B7740393796CCA0A47FB2D /* CoachBlock.swift */; };
		83B9F89A53AF34654F0DCC3D /* Theme.swift in Sources */ = {isa = PBXBuildFile; fileRef = 2600BF38DD79CB8A08592B03 /* Theme.swift */; };
		923AE80C7C5A47CFFFA7423A /* Inter-Variable.ttf in Resources */ = {isa = PBXBuildFile; fileRef = D9FA179F02EB61425E2DF62A /* Inter-Variable.ttf */; };
		9276B87CB0A938E3DF8E70EA /* PaceDrift.swift in Sources */ = {isa = PBXBuildFile; fileRef = 1AA31DB52794BE1700934B01 /* PaceDrift.swift */; };
		961FBF4DEC67B3CAD676A523 /* ReadinessGlanceView.swift in Sources */ = {isa = PBXBuildFile; fileRef = 590886F21D4DD966A37DE610 /* ReadinessGlanceView.swift */; };
		9683A651BCFCE43A4E2F5F30 /* WorkoutDetailModal.swift in Sources */ = {isa = PBXBuildFile; fileRef = 09428CF254263C8C9CBEF5F4 /* WorkoutDetailModal.swift */; };
		96AB4DF9DC78C005205930DA /* ResponsiveFace.swift in Sources */ = {isa = PBXBuildFile; fileRef = C1D23DD51213DA16F555FCAA /* ResponsiveFace.swift */; };
		97FF3141FF9E86C28E4B824B /* WorkoutTracker.swift in Sources */ = {isa = PBXBuildFile; fileRef = E2B28F9C8F4604550364F9BC /* WorkoutTracker.swift */; };
		9A0782D74045550D150EBBC2 /* MIGRATION_PLAN.md in Resources */ = {isa = PBXBuildFile; fileRef = BFA85E15978E6315D144D85E /* MIGRATION_PLAN.md */; };
		9CFEBBFA3F3370E991138836 /* PhoneSync.swift in Sources */ = {isa = PBXBuildFile; fileRef = 8B2D7420891F1F0024E3D933 /* PhoneSync.swift */; };
		9F33022A531EBF8A5C922A47 /* WatchFaces.swift in Sources */ = {isa = PBXBuildFile; fileRef = 5D626345B3F0B0BDED8857D3 /* WatchFaces.swift */; };
		A4B00D17F9CD81D6D57E75E3 /* TodayView.swift in Sources */ = {isa = PBXBuildFile; fileRef = 3021BAFCB3395A359AD25A3C /* TodayView.swift */; };
		A5B9A0DEFC127A3E05C434F2 /* SettingsSheet.swift in Sources */ = {isa = PBXBuildFile; fileRef = EAA41631B820945F5A2FB787 /* SettingsSheet.swift */; };
		A86815318128C3F7D7D780CB /* WeekStripView.swift in Sources */ = {isa = PBXBuildFile; fileRef = 6BC6A9D72C1DC3E28C1C3B43 /* WeekStripView.swift */; };
		A9540BA3268DA8CC72864FA3 /* HealthView.swift in Sources */ = {isa = PBXBuildFile; fileRef = A1EC1ECACDBA2B7AF4787D13 /* HealthView.swift */; };
		AAF411FFC548C34FA08F3A29 /* WorkoutRootView.swift in Sources */ = {isa = PBXBuildFile; fileRef = F9F1D1BCD775FDA96459FBA9 /* WorkoutRootView.swift */; };
		ABA8B73ABAB07391B459D29A /* API.swift in Sources */ = {isa = PBXBuildFile; fileRef = CD71B88D7D0751ABFACD1479 /* API.swift */; };
		ACA6645F1B466A2A24E43209 /* HealthKitImporter.swift in Sources */ = {isa = PBXBuildFile; fileRef = 6D2418C21CF2BDF76B22187B /* HealthKitImporter.swift */; };
		B4BA0E10F8F54E818E92E24F /* CountdownView.swift in Sources */ = {isa = PBXBuildFile; fileRef = 327F1896B45C80B0A713921B /* CountdownView.swift */; };
		B6D9A30FAAC0365482CBE064 /* FaffWatch Watch App.app in Embed Watch Content */ = {isa = PBXBuildFile; fileRef = 79B4012183AC95BF2BE27EB4 /* FaffWatch Watch App.app */; settings = {ATTRIBUTES = (CodeSignOnCopy, RemoveHeadersOnCopy, ); }; };
		BD055CFEF09795F990AD96F3 /* Watch.swift in Sources */ = {isa = PBXBuildFile; fileRef = 29E036C5FD2EC231D2FCDC1A /* Watch.swift */; };
		C5A08D2FCA35C23EFDCDE646 /* Inter-Bold.ttf in Resources */ = {isa = PBXBuildFile; fileRef = 351D312A1924397E8D738EDB /* Inter-Bold.ttf */; };
		CBF05C82C08D2CAD384C3008 /* ActiveWorkoutView.swift in Sources */ = {isa = PBXBuildFile; fileRef = 0A82679266351BEBAFB330F1 /* ActiveWorkoutView.swift */; };
		CC79EC5599C304CD302E7F20 /* WorkoutTodayCard.swift in Sources */ = {isa = PBXBuildFile; fileRef = A75240B39D24E8190EC4C880 /* WorkoutTodayCard.swift */; };
		DB53ACA1DBB39F46EB32303C /* Oswald-SemiBold.ttf in Resources */ = {isa = PBXBuildFile; fileRef = 0CDBF2DFC432A591DA62EDEF /* Oswald-SemiBold.ttf */; };
		E18843BC1D6862FEB7FEB126 /* Briefing.swift in Sources */ = {isa = PBXBuildFile; fileRef = 9DDE304E9C6471D398E2D102 /* Briefing.swift */; };
		E54713F776795DC8AB4F468D /* ChimePlayer.swift in Sources */ = {isa = PBXBuildFile; fileRef = 87DEABD97368BE1C69024791 /* ChimePlayer.swift */; };
		E74344DC5CD6D34D4FEF1A80 /* RacesView.swift in Sources */ = {isa = PBXBuildFile; fileRef = 266E02CD612D7BE0F5CEB511 /* RacesView.swift */; };
		ED3DBAEF3FFB60390FE0317B /* ContentView.swift in Sources */ = {isa = PBXBuildFile; fileRef = EE83C39CFEEB37B8BCCE8162 /* ContentView.swift */; };
		EF763AF01134F55FCCAA076C /* Assets.xcassets in Resources */ = {isa = PBXBuildFile; fileRef = B7BC29B2BF1F273F9E653AEB /* Assets.xcassets */; };
		F78C87C61CF8C1E957424497 /* FaffWatchApp.swift in Sources */ = {isa = PBXBuildFile; fileRef = DB78B57C63F6CAA75CB24270 /* FaffWatchApp.swift */; };
		FCBC071AD54DF36F1AA6DD5A /* TopicRenderer.swift in Sources */ = {isa = PBXBuildFile; fileRef = 2C3A0E7CA5A4C1C815A9A537 /* TopicRenderer.swift */; };
		FDFB5B7B4C41C8B3C7BBF7C8 /* Haptics.swift in Sources */ = {isa = PBXBuildFile; fileRef = 1D4E8F519A9E24A36E4D0BC7 /* Haptics.swift */; };
		FE0352B79DCC62AE1008EB2A /* WorkoutEngine.swift in Sources */ = {isa = PBXBuildFile; fileRef = 47B01231CF6EA2F9487242FC /* WorkoutEngine.swift */; };
		FEA42A4E4B4191BD50CBCA23 /* FaceKit.swift in Sources */ = {isa = PBXBuildFile; fileRef = 7AB076FD4BB8D790F2DB9B79 /* FaceKit.swift */; };
/* End PBXBuildFile section */

/* Begin PBXContainerItemProxy section */
		0A0DB7EF2A01E8779D699655 /* PBXContainerItemProxy */ = {
			isa = PBXContainerItemProxy;
			containerPortal = 71044FC49B493BB4714930F0 /* Project object */;
			proxyType = 1;
			remoteGlobalIDString = F0F86E55A2FD163346E0F089;
			remoteInfo = "FaffWatch Watch App";
		};
/* End PBXContainerItemProxy section */

/* Begin PBXCopyFilesBuildPhase section */
		E78D6D288A9B14BD0D2F8FB6 /* Embed Watch Content */ = {
			isa = PBXCopyFilesBuildPhase;
			buildActionMask = 2147483647;
			dstPath = "$(CONTENTS_FOLDER_PATH)/Watch";
			dstSubfolderSpec = 16;
			files = (
				B6D9A30FAAC0365482CBE064 /* FaffWatch Watch App.app in Embed Watch Content */,
			);
			name = "Embed Watch Content";
			runOnlyForDeploymentPostprocessing = 0;
		};
/* End PBXCopyFilesBuildPhase section */

/* Begin PBXFileReference section */
		014129C189442D8193785F35 /* Oswald-Variable.ttf */ = {isa = PBXFileReference; lastKnownFileType = file; path = "Oswald-Variable.ttf"; sourceTree = "<group>"; };
		03B7740393796CCA0A47FB2D /* CoachBlock.swift */ = {isa = PBXFileReference; lastKnownFileType = sourcecode.swift; path = CoachBlock.swift; sourceTree = "<group>"; };
		0743519D766EECA60297B74F /* Info.plist */ = {isa = PBXFileReference; lastKnownFileType = text.plist; path = Info.plist; sourceTree = "<group>"; };
		09428CF254263C8C9CBEF5F4 /* WorkoutDetailModal.swift */ = {isa = PBXFileReference; lastKnownFileType = sourcecode.swift; path = WorkoutDetailModal.swift; sourceTree = "<group>"; };
		0A82679266351BEBAFB330F1 /* ActiveWorkoutView.swift */ = {isa = PBXFileReference; lastKnownFileType = sourcecode.swift; path = ActiveWorkoutView.swift; sourceTree = "<group>"; };
		0CDBF2DFC432A591DA62EDEF /* Oswald-SemiBold.ttf */ = {isa = PBXFileReference; lastKnownFileType = file; path = "Oswald-SemiBold.ttf"; sourceTree = "<group>"; };
		139264554EDD5A64F64E384F /* Assets.xcassets */ = {isa = PBXFileReference; lastKnownFileType = folder.assetcatalog; path = Assets.xcassets; sourceTree = "<group>"; };
		162F4E9C0CB7F4A9A9298265 /* FaffWatch Watch App.entitlements */ = {isa = PBXFileReference; lastKnownFileType = text.plist.entitlements; path = "FaffWatch Watch App.entitlements"; sourceTree = "<group>"; };
		1AA31DB52794BE1700934B01 /* PaceDrift.swift */ = {isa = PBXFileReference; lastKnownFileType = sourcecode.swift; path = PaceDrift.swift; sourceTree = "<group>"; };
		1D4E8F519A9E24A36E4D0BC7 /* Haptics.swift */ = {isa = PBXFileReference; lastKnownFileType = sourcecode.swift; path = Haptics.swift; sourceTree = "<group>"; };
		2600BF38DD79CB8A08592B03 /* Theme.swift */ = {isa = PBXFileReference; lastKnownFileType = sourcecode.swift; path = Theme.swift; sourceTree = "<group>"; };
		266E02CD612D7BE0F5CEB511 /* RacesView.swift */ = {isa = PBXFileReference; lastKnownFileType = sourcecode.swift; path = RacesView.swift; sourceTree = "<group>"; };
		29E036C5FD2EC231D2FCDC1A /* Watch.swift */ = {isa = PBXFileReference; lastKnownFileType = sourcecode.swift; path = Watch.swift; sourceTree = "<group>"; };
		2C3A0E7CA5A4C1C815A9A537 /* TopicRenderer.swift */ = {isa = PBXFileReference; lastKnownFileType = sourcecode.swift; path = TopicRenderer.swift; sourceTree = "<group>"; };
		3021BAFCB3395A359AD25A3C /* TodayView.swift */ = {isa = PBXFileReference; lastKnownFileType = sourcecode.swift; path = TodayView.swift; sourceTree = "<group>"; };
		327F1896B45C80B0A713921B /* CountdownView.swift */ = {isa = PBXFileReference; lastKnownFileType = sourcecode.swift; path = CountdownView.swift; sourceTree = "<group>"; };
		351D312A1924397E8D738EDB /* Inter-Bold.ttf */ = {isa = PBXFileReference; lastKnownFileType = file; path = "Inter-Bold.ttf"; sourceTree = "<group>"; };
		37F523B1198BDF2C15E626B2 /* Inter-SemiBold.ttf */ = {isa = PBXFileReference; lastKnownFileType = file; path = "Inter-SemiBold.ttf"; sourceTree = "<group>"; };
		3C2B62D9179AAC7D41426156 /* FaffApp.swift */ = {isa = PBXFileReference; lastKnownFileType = sourcecode.swift; path = FaffApp.swift; sourceTree = "<group>"; };
		47B01231CF6EA2F9487242FC /* WorkoutEngine.swift */ = {isa = PBXFileReference; lastKnownFileType = sourcecode.swift; path = WorkoutEngine.swift; sourceTree = "<group>"; };
		48BEBF7952F4B1AC4D8682B9 /* IdleView.swift */ = {isa = PBXFileReference; lastKnownFileType = sourcecode.swift; path = IdleView.swift; sourceTree = "<group>"; };
		4E27550579AE4BDFA95531DD /* Fonts.swift */ = {isa = PBXFileReference; lastKnownFileType = sourcecode.swift; path = Fonts.swift; sourceTree = "<group>"; };
		543E63FDFDB141572ACDDD5A /* RunDetailSheet.swift */ = {isa = PBXFileReference; lastKnownFileType = sourcecode.swift; path = RunDetailSheet.swift; sourceTree = "<group>"; };
		590886F21D4DD966A37DE610 /* ReadinessGlanceView.swift */ = {isa = PBXFileReference; lastKnownFileType = sourcecode.swift; path = ReadinessGlanceView.swift; sourceTree = "<group>"; };
		5A39B98C5EC62375867B3D43 /* Faff.entitlements */ = {isa = PBXFileReference; lastKnownFileType = text.plist.entitlements; path = Faff.entitlements; sourceTree = "<group>"; };
		5D626345B3F0B0BDED8857D3 /* WatchFaces.swift */ = {isa = PBXFileReference; lastKnownFileType = sourcecode.swift; path = WatchFaces.swift; sourceTree = "<group>"; };
		5F356ED0B3C5BA43AC3568B0 /* WatchSync.swift */ = {isa = PBXFileReference; lastKnownFileType = sourcecode.swift; path = WatchSync.swift; sourceTree = "<group>"; };
		6BC6A9D72C1DC3E28C1C3B43 /* WeekStripView.swift */ = {isa = PBXFileReference; lastKnownFileType = sourcecode.swift; path = WeekStripView.swift; sourceTree = "<group>"; };
		6D2418C21CF2BDF76B22187B /* HealthKitImporter.swift */ = {isa = PBXFileReference; lastKnownFileType = sourcecode.swift; path = HealthKitImporter.swift; sourceTree = "<group>"; };
		761D6D9F643EAA00C64D9BBC /* Runs.swift */ = {isa = PBXFileReference; lastKnownFileType = sourcecode.swift; path = Runs.swift; sourceTree = "<group>"; };
		7666ED48810586C430FE7E27 /* Faces.swift */ = {isa = PBXFileReference; lastKnownFileType = sourcecode.swift; path = Faces.swift; sourceTree = "<group>"; };
		79B4012183AC95BF2BE27EB4 /* FaffWatch Watch App.app */ = {isa = PBXFileReference; explicitFileType = wrapper.application; includeInIndex = 0; path = "FaffWatch Watch App.app"; sourceTree = BUILT_PRODUCTS_DIR; };
		79F2EC545B990808978B44F0 /* WatchFixtures.swift */ = {isa = PBXFileReference; lastKnownFileType = sourcecode.swift; path = WatchFixtures.swift; sourceTree = "<group>"; };
		7AB076FD4BB8D790F2DB9B79 /* FaceKit.swift */ = {isa = PBXFileReference; lastKnownFileType = sourcecode.swift; path = FaceKit.swift; sourceTree = "<group>"; };
		87DEABD97368BE1C69024791 /* ChimePlayer.swift */ = {isa = PBXFileReference; lastKnownFileType = sourcecode.swift; path = ChimePlayer.swift; sourceTree = "<group>"; };
		8B2D7420891F1F0024E3D933 /* PhoneSync.swift */ = {isa = PBXFileReference; lastKnownFileType = sourcecode.swift; path = PhoneSync.swift; sourceTree = "<group>"; };
		8B95C6BA54C2018236C4EB2B /* WatchWorkoutModels.swift */ = {isa = PBXFileReference; lastKnownFileType = sourcecode.swift; path = WatchWorkoutModels.swift; sourceTree = "<group>"; };
		91FC1DB4EC397EFC1B67BFE9 /* WatchTheme.swift */ = {isa = PBXFileReference; lastKnownFileType = sourcecode.swift; path = WatchTheme.swift; sourceTree = "<group>"; };
		9677E0A1ECD5D37DF62A4A2D /* LogView.swift */ = {isa = PBXFileReference; lastKnownFileType = sourcecode.swift; path = LogView.swift; sourceTree = "<group>"; };
		9B93FB86D5FABEE9E86847A5 /* ManualRunSheet.swift */ = {isa = PBXFileReference; lastKnownFileType = sourcecode.swift; path = ManualRunSheet.swift; sourceTree = "<group>"; };
		9DDE304E9C6471D398E2D102 /* Briefing.swift */ = {isa = PBXFileReference; lastKnownFileType = sourcecode.swift; path = Briefing.swift; sourceTree = "<group>"; };
		9FCF573DA7A5C1E3F9FBC5A1 /* Info.plist */ = {isa = PBXFileReference; lastKnownFileType = text.plist; path = Info.plist; sourceTree = "<group>"; };
		A1EC1ECACDBA2B7AF4787D13 /* HealthView.swift */ = {isa = PBXFileReference; lastKnownFileType = sourcecode.swift; path = HealthView.swift; sourceTree = "<group>"; };
		A75240B39D24E8190EC4C880 /* WorkoutTodayCard.swift */ = {isa = PBXFileReference; lastKnownFileType = sourcecode.swift; path = WorkoutTodayCard.swift; sourceTree = "<group>"; };
		B6BF22DF1BD412FB1CA83446 /* Faff.app */ = {isa = PBXFileReference; includeInIndex = 0; lastKnownFileType = wrapper.application; path = Faff.app; sourceTree = BUILT_PRODUCTS_DIR; };
		B7BC29B2BF1F273F9E653AEB /* Assets.xcassets */ = {isa = PBXFileReference; lastKnownFileType = folder.assetcatalog; path = Assets.xcassets; sourceTree = "<group>"; };
		BFA85E15978E6315D144D85E /* MIGRATION_PLAN.md */ = {isa = PBXFileReference; lastKnownFileType = net.daringfireball.markdown; path = MIGRATION_PLAN.md; sourceTree = "<group>"; };
		C1D23DD51213DA16F555FCAA /* ResponsiveFace.swift */ = {isa = PBXFileReference; lastKnownFileType = sourcecode.swift; path = ResponsiveFace.swift; sourceTree = "<group>"; };
		C81CA1D7127B12E871854210 /* TrainingView.swift */ = {isa = PBXFileReference; lastKnownFileType = sourcecode.swift; path = TrainingView.swift; sourceTree = "<group>"; };
		CD71B88D7D0751ABFACD1479 /* API.swift */ = {isa = PBXFileReference; lastKnownFileType = sourcecode.swift; path = API.swift; sourceTree = "<group>"; };
		D731B92BA006865E34779D2A /* BebasNeue-Regular.ttf */ = {isa = PBXFileReference; lastKnownFileType = file; path = "BebasNeue-Regular.ttf"; sourceTree = "<group>"; };
		D9FA179F02EB61425E2DF62A /* Inter-Variable.ttf */ = {isa = PBXFileReference; lastKnownFileType = file; path = "Inter-Variable.ttf"; sourceTree = "<group>"; };
		DB78B57C63F6CAA75CB24270 /* FaffWatchApp.swift */ = {isa = PBXFileReference; lastKnownFileType = sourcecode.swift; path = FaffWatchApp.swift; sourceTree = "<group>"; };
		E2B28F9C8F4604550364F9BC /* WorkoutTracker.swift */ = {isa = PBXFileReference; lastKnownFileType = sourcecode.swift; path = WorkoutTracker.swift; sourceTree = "<group>"; };
		EAA41631B820945F5A2FB787 /* SettingsSheet.swift */ = {isa = PBXFileReference; lastKnownFileType = sourcecode.swift; path = SettingsSheet.swift; sourceTree = "<group>"; };
		EE0C78AC3D1E5FE8777CB224 /* SummaryView.swift */ = {isa = PBXFileReference; lastKnownFileType = sourcecode.swift; path = SummaryView.swift; sourceTree = "<group>"; };
		EE83C39CFEEB37B8BCCE8162 /* ContentView.swift */ = {isa = PBXFileReference; lastKnownFileType = sourcecode.swift; path = ContentView.swift; sourceTree = "<group>"; };
		F5049AFA827E5D99EA69F5D0 /* ProfileView.swift */ = {isa = PBXFileReference; lastKnownFileType = sourcecode.swift; path = ProfileView.swift; sourceTree = "<group>"; };
		F9F1D1BCD775FDA96459FBA9 /* WorkoutRootView.swift */ = {isa = PBXFileReference; lastKnownFileType = sourcecode.swift; path = WorkoutRootView.swift; sourceTree = "<group>"; };
		FBCEB932B2D6CD7DB54198CE /* Cards.swift */ = {isa = PBXFileReference; lastKnownFileType = sourcecode.swift; path = Cards.swift; sourceTree = "<group>"; };
/* End PBXFileReference section */

/* Begin PBXGroup section */
		573E715F6A22233F18DAF594 /* Models */ = {
			isa = PBXGroup;
			children = (
				9DDE304E9C6471D398E2D102 /* Briefing.swift */,
				761D6D9F643EAA00C64D9BBC /* Runs.swift */,
				29E036C5FD2EC231D2FCDC1A /* Watch.swift */,
			);
			path = Models;
			sourceTree = "<group>";
		};
		88951A9181D51E114B2B4F0F /* Components */ = {
			isa = PBXGroup;
			children = (
				FBCEB932B2D6CD7DB54198CE /* Cards.swift */,
				03B7740393796CCA0A47FB2D /* CoachBlock.swift */,
				2C3A0E7CA5A4C1C815A9A537 /* TopicRenderer.swift */,
				6BC6A9D72C1DC3E28C1C3B43 /* WeekStripView.swift */,
				09428CF254263C8C9CBEF5F4 /* WorkoutDetailModal.swift */,
				A75240B39D24E8190EC4C880 /* WorkoutTodayCard.swift */,
			);
			path = Components;
			sourceTree = "<group>";
		};
		8E817150E79B4BCF0540B7B1 /* FaffWatch Watch App */ = {
			isa = PBXGroup;
			children = (
				0A82679266351BEBAFB330F1 /* ActiveWorkoutView.swift */,
				B7BC29B2BF1F273F9E653AEB /* Assets.xcassets */,
				87DEABD97368BE1C69024791 /* ChimePlayer.swift */,
				EE83C39CFEEB37B8BCCE8162 /* ContentView.swift */,
				327F1896B45C80B0A713921B /* CountdownView.swift */,
				7AB076FD4BB8D790F2DB9B79 /* FaceKit.swift */,
				7666ED48810586C430FE7E27 /* Faces.swift */,
				162F4E9C0CB7F4A9A9298265 /* FaffWatch Watch App.entitlements */,
				DB78B57C63F6CAA75CB24270 /* FaffWatchApp.swift */,
				1D4E8F519A9E24A36E4D0BC7 /* Haptics.swift */,
				48BEBF7952F4B1AC4D8682B9 /* IdleView.swift */,
				9FCF573DA7A5C1E3F9FBC5A1 /* Info.plist */,
				BFA85E15978E6315D144D85E /* MIGRATION_PLAN.md */,
				1AA31DB52794BE1700934B01 /* PaceDrift.swift */,
				8B2D7420891F1F0024E3D933 /* PhoneSync.swift */,
				590886F21D4DD966A37DE610 /* ReadinessGlanceView.swift */,
				C1D23DD51213DA16F555FCAA /* ResponsiveFace.swift */,
				EE0C78AC3D1E5FE8777CB224 /* SummaryView.swift */,
				5D626345B3F0B0BDED8857D3 /* WatchFaces.swift */,
				79F2EC545B990808978B44F0 /* WatchFixtures.swift */,
				91FC1DB4EC397EFC1B67BFE9 /* WatchTheme.swift */,
				8B95C6BA54C2018236C4EB2B /* WatchWorkoutModels.swift */,
				47B01231CF6EA2F9487242FC /* WorkoutEngine.swift */,
				F9F1D1BCD775FDA96459FBA9 /* WorkoutRootView.swift */,
				E2B28F9C8F4604550364F9BC /* WorkoutTracker.swift */,
				924DB301F22EC43C567F13C5 /* Fonts */,
			);
			path = "FaffWatch Watch App";
			sourceTree = "<group>";
		};
		924DB301F22EC43C567F13C5 /* Fonts */ = {
			isa = PBXGroup;
			children = (
				D731B92BA006865E34779D2A /* BebasNeue-Regular.ttf */,
				351D312A1924397E8D738EDB /* Inter-Bold.ttf */,
				37F523B1198BDF2C15E626B2 /* Inter-SemiBold.ttf */,
				D9FA179F02EB61425E2DF62A /* Inter-Variable.ttf */,
				0CDBF2DFC432A591DA62EDEF /* Oswald-SemiBold.ttf */,
				014129C189442D8193785F35 /* Oswald-Variable.ttf */,
			);
			path = Fonts;
			sourceTree = "<group>";
		};
		9DAD28DB047E17E738BB829D /* Faff */ = {
			isa = PBXGroup;
			children = (
				D2AF09DF27FB96213F809229 /* Faff */,
				8E817150E79B4BCF0540B7B1 /* FaffWatch Watch App */,
			);
			path = Faff;
			sourceTree = "<group>";
		};
		C2B8111A66DF191DD39D2EB4 /* Views */ = {
			isa = PBXGroup;
			children = (
				A1EC1ECACDBA2B7AF4787D13 /* HealthView.swift */,
				9677E0A1ECD5D37DF62A4A2D /* LogView.swift */,
				9B93FB86D5FABEE9E86847A5 /* ManualRunSheet.swift */,
				F5049AFA827E5D99EA69F5D0 /* ProfileView.swift */,
				266E02CD612D7BE0F5CEB511 /* RacesView.swift */,
				543E63FDFDB141572ACDDD5A /* RunDetailSheet.swift */,
				EAA41631B820945F5A2FB787 /* SettingsSheet.swift */,
				3021BAFCB3395A359AD25A3C /* TodayView.swift */,
				C81CA1D7127B12E871854210 /* TrainingView.swift */,
			);
			path = Views;
			sourceTree = "<group>";
		};
		C76599E847B6D255D6D2CEB2 /* Products */ = {
			isa = PBXGroup;
			children = (
				B6BF22DF1BD412FB1CA83446 /* Faff.app */,
				79B4012183AC95BF2BE27EB4 /* FaffWatch Watch App.app */,
			);
			name = Products;
			sourceTree = "<group>";
		};
		D2AF09DF27FB96213F809229 /* Faff */ = {
			isa = PBXGroup;
			children = (
				CD71B88D7D0751ABFACD1479 /* API.swift */,
				139264554EDD5A64F64E384F /* Assets.xcassets */,
				5A39B98C5EC62375867B3D43 /* Faff.entitlements */,
				3C2B62D9179AAC7D41426156 /* FaffApp.swift */,
				4E27550579AE4BDFA95531DD /* Fonts.swift */,
				6D2418C21CF2BDF76B22187B /* HealthKitImporter.swift */,
				0743519D766EECA60297B74F /* Info.plist */,
				2600BF38DD79CB8A08592B03 /* Theme.swift */,
				5F356ED0B3C5BA43AC3568B0 /* WatchSync.swift */,
				88951A9181D51E114B2B4F0F /* Components */,
				573E715F6A22233F18DAF594 /* Models */,
				C2B8111A66DF191DD39D2EB4 /* Views */,
			);
			path = Faff;
			sourceTree = "<group>";
		};
		D9DEE04D90D1C12AAAA1F464 = {
			isa = PBXGroup;
			children = (
				9DAD28DB047E17E738BB829D /* Faff */,
				C76599E847B6D255D6D2CEB2 /* Products */,
			);
			sourceTree = "<group>";
		};
/* End PBXGroup section */

/* Begin PBXNativeTarget section */
		D9BD02B3EBCA6139CDCA3B00 /* Faff */ = {
			isa = PBXNativeTarget;
			buildConfigurationList = 86D9C3CDB32A47295A6B93AA /* Build configuration list for PBXNativeTarget "Faff" */;
			buildPhases = (
				BDEA2FD24F3637461F07E44C /* Sources */,
				733C4A07DD91440E96DCFCD0 /* Resources */,
				E78D6D288A9B14BD0D2F8FB6 /* Embed Watch Content */,
			);
			buildRules = (
			);
			dependencies = (
				AE5A87476B74B41CEE281430 /* PBXTargetDependency */,
			);
			name = Faff;
			packageProductDependencies = (
			);
			productName = Faff;
			productReference = B6BF22DF1BD412FB1CA83446 /* Faff.app */;
			productType = "com.apple.product-type.application";
		};
		F0F86E55A2FD163346E0F089 /* FaffWatch Watch App */ = {
			isa = PBXNativeTarget;
			buildConfigurationList = F7FD72168A8170EDDA3F4AAC /* Build configuration list for PBXNativeTarget "FaffWatch Watch App" */;
			buildPhases = (
				52D899BE7ED33FECEC2CE254 /* Sources */,
				999AB72C752EF118488838DD /* Resources */,
			);
			buildRules = (
			);
			dependencies = (
			);
			name = "FaffWatch Watch App";
			packageProductDependencies = (
			);
			productName = "FaffWatch Watch App";
			productReference = 79B4012183AC95BF2BE27EB4 /* FaffWatch Watch App.app */;
			productType = "com.apple.product-type.application";
		};
/* End PBXNativeTarget section */

/* Begin PBXProject section */
		71044FC49B493BB4714930F0 /* Project object */ = {
			isa = PBXProject;
			attributes = {
				BuildIndependentTargetsInParallel = YES;
				LastUpgradeCheck = 1430;
				TargetAttributes = {
					D9BD02B3EBCA6139CDCA3B00 = {
						DevelopmentTeam = F26TM6BCR3;
						ProvisioningStyle = Automatic;
					};
					F0F86E55A2FD163346E0F089 = {
						DevelopmentTeam = F26TM6BCR3;
						ProvisioningStyle = Automatic;
					};
				};
			};
			buildConfigurationList = 98F9AE00FC6626AFA7167EBA /* Build configuration list for PBXProject "Faff" */;
			developmentRegion = en;
			hasScannedForEncodings = 0;
			knownRegions = (
				Base,
				en,
			);
			mainGroup = D9DEE04D90D1C12AAAA1F464;
			minimizedProjectReferenceProxies = 1;
			preferredProjectObjectVersion = 77;
			productRefGroup = C76599E847B6D255D6D2CEB2 /* Products */;
			projectDirPath = "";
			projectRoot = "";
			targets = (
				D9BD02B3EBCA6139CDCA3B00 /* Faff */,
				F0F86E55A2FD163346E0F089 /* FaffWatch Watch App */,
			);
		};
/* End PBXProject section */

/* Begin PBXResourcesBuildPhase section */
		733C4A07DD91440E96DCFCD0 /* Resources */ = {
			isa = PBXResourcesBuildPhase;
			buildActionMask = 2147483647;
			files = (
				16105FF9F23FE470CECECD32 /* Assets.xcassets in Resources */,
			);
			runOnlyForDeploymentPostprocessing = 0;
		};
		999AB72C752EF118488838DD /* Resources */ = {
			isa = PBXResourcesBuildPhase;
			buildActionMask = 2147483647;
			files = (
				EF763AF01134F55FCCAA076C /* Assets.xcassets in Resources */,
				6A351129DEF28BDCC340851C /* BebasNeue-Regular.ttf in Resources */,
				C5A08D2FCA35C23EFDCDE646 /* Inter-Bold.ttf in Resources */,
				2919F201CE287CAF6B172EED /* Inter-SemiBold.ttf in Resources */,
				923AE80C7C5A47CFFFA7423A /* Inter-Variable.ttf in Resources */,
				9A0782D74045550D150EBBC2 /* MIGRATION_PLAN.md in Resources */,
				DB53ACA1DBB39F46EB32303C /* Oswald-SemiBold.ttf in Resources */,
				241CFCD0626CE2C875BE32F2 /* Oswald-Variable.ttf in Resources */,
			);
			runOnlyForDeploymentPostprocessing = 0;
		};
/* End PBXResourcesBuildPhase section */

/* Begin PBXSourcesBuildPhase section */
		52D899BE7ED33FECEC2CE254 /* Sources */ = {
			isa = PBXSourcesBuildPhase;
			buildActionMask = 2147483647;
			files = (
				CBF05C82C08D2CAD384C3008 /* ActiveWorkoutView.swift in Sources */,
				E54713F776795DC8AB4F468D /* ChimePlayer.swift in Sources */,
				ED3DBAEF3FFB60390FE0317B /* ContentView.swift in Sources */,
				B4BA0E10F8F54E818E92E24F /* CountdownView.swift in Sources */,
				FEA42A4E4B4191BD50CBCA23 /* FaceKit.swift in Sources */,
				82E76F98D8A2E62E46456CDB /* Faces.swift in Sources */,
				F78C87C61CF8C1E957424497 /* FaffWatchApp.swift in Sources */,
				FDFB5B7B4C41C8B3C7BBF7C8 /* Haptics.swift in Sources */,
				33B4FF295A8A74B4CFA43AEF /* IdleView.swift in Sources */,
				9276B87CB0A938E3DF8E70EA /* PaceDrift.swift in Sources */,
				9CFEBBFA3F3370E991138836 /* PhoneSync.swift in Sources */,
				961FBF4DEC67B3CAD676A523 /* ReadinessGlanceView.swift in Sources */,
				96AB4DF9DC78C005205930DA /* ResponsiveFace.swift in Sources */,
				02629A8715894D5C2D6B5F47 /* SummaryView.swift in Sources */,
				9F33022A531EBF8A5C922A47 /* WatchFaces.swift in Sources */,
				08CF7BD58B8FA3767E595667 /* WatchFixtures.swift in Sources */,
				0C7CECA6722DD1B30C6C89EB /* WatchTheme.swift in Sources */,
				2FFA12FF938E115A5971545D /* WatchWorkoutModels.swift in Sources */,
				FE0352B79DCC62AE1008EB2A /* WorkoutEngine.swift in Sources */,
				AAF411FFC548C34FA08F3A29 /* WorkoutRootView.swift in Sources */,
				97FF3141FF9E86C28E4B824B /* WorkoutTracker.swift in Sources */,
			);
			runOnlyForDeploymentPostprocessing = 0;
		};
		BDEA2FD24F3637461F07E44C /* Sources */ = {
			isa = PBXSourcesBuildPhase;
			buildActionMask = 2147483647;
			files = (
				ABA8B73ABAB07391B459D29A /* API.swift in Sources */,
				E18843BC1D6862FEB7FEB126 /* Briefing.swift in Sources */,
				13B4162B4830A44A709F20B2 /* Cards.swift in Sources */,
				831522736DD104E914590A01 /* CoachBlock.swift in Sources */,
				30E888D8A41D7AFE87EFE184 /* FaffApp.swift in Sources */,
				661A5023FC889EDA87B6F560 /* Fonts.swift in Sources */,
				ACA6645F1B466A2A24E43209 /* HealthKitImporter.swift in Sources */,
				A9540BA3268DA8CC72864FA3 /* HealthView.swift in Sources */,
				78BE7ECCED15871BBF72C293 /* LogView.swift in Sources */,
				2B8E6FC6F23A1D61F284D762 /* ManualRunSheet.swift in Sources */,
				21BAA9938430A3B59A7DA1FF /* ProfileView.swift in Sources */,
				E74344DC5CD6D34D4FEF1A80 /* RacesView.swift in Sources */,
				5AA14774A3E133CF375A5822 /* RunDetailSheet.swift in Sources */,
				3FA40EF549EB399B802A3C9A /* Runs.swift in Sources */,
				A5B9A0DEFC127A3E05C434F2 /* SettingsSheet.swift in Sources */,
				83B9F89A53AF34654F0DCC3D /* Theme.swift in Sources */,
				A4B00D17F9CD81D6D57E75E3 /* TodayView.swift in Sources */,
				FCBC071AD54DF36F1AA6DD5A /* TopicRenderer.swift in Sources */,
				063930F921E1B26E274CC6A1 /* TrainingView.swift in Sources */,
				BD055CFEF09795F990AD96F3 /* Watch.swift in Sources */,
				0565B4AAF1E1AC26C3DE1F75 /* WatchSync.swift in Sources */,
				A86815318128C3F7D7D780CB /* WeekStripView.swift in Sources */,
				9683A651BCFCE43A4E2F5F30 /* WorkoutDetailModal.swift in Sources */,
				CC79EC5599C304CD302E7F20 /* WorkoutTodayCard.swift in Sources */,
			);
			runOnlyForDeploymentPostprocessing = 0;
		};
/* End PBXSourcesBuildPhase section */

/* Begin PBXTargetDependency section */
		AE5A87476B74B41CEE281430 /* PBXTargetDependency */ = {
			isa = PBXTargetDependency;
			target = F0F86E55A2FD163346E0F089 /* FaffWatch Watch App */;
			targetProxy = 0A0DB7EF2A01E8779D699655 /* PBXContainerItemProxy */;
		};
/* End PBXTargetDependency section */

/* Begin XCBuildConfiguration section */
		0D95FB212EAB452FEF8FF123 /* Debug */ = {
			isa = XCBuildConfiguration;
			buildSettings = {
				ALWAYS_SEARCH_USER_PATHS = NO;
				CLANG_ANALYZER_NONNULL = YES;
				CLANG_ANALYZER_NUMBER_OBJECT_CONVERSION = YES_AGGRESSIVE;
				CLANG_CXX_LANGUAGE_STANDARD = "gnu++14";
				CLANG_CXX_LIBRARY = "libc++";
				CLANG_ENABLE_MODULES = YES;
				CLANG_ENABLE_OBJC_ARC = YES;
				CLANG_ENABLE_OBJC_WEAK = YES;
				CLANG_WARN_BLOCK_CAPTURE_AUTORELEASING = YES;
				CLANG_WARN_BOOL_CONVERSION = YES;
				CLANG_WARN_COMMA = YES;
				CLANG_WARN_CONSTANT_CONVERSION = YES;
				CLANG_WARN_DEPRECATED_OBJC_IMPLEMENTATIONS = YES;
				CLANG_WARN_DIRECT_OBJC_ISA_USAGE = YES_ERROR;
				CLANG_WARN_DOCUMENTATION_COMMENTS = YES;
				CLANG_WARN_EMPTY_BODY = YES;
				CLANG_WARN_ENUM_CONVERSION = YES;
				CLANG_WARN_INFINITE_RECURSION = YES;
				CLANG_WARN_INT_CONVERSION = YES;
				CLANG_WARN_NON_LITERAL_NULL_CONVERSION = YES;
				CLANG_WARN_OBJC_IMPLICIT_RETAIN_SELF = YES;
				CLANG_WARN_OBJC_LITERAL_CONVERSION = YES;
				CLANG_WARN_OBJC_ROOT_CLASS = YES_ERROR;
				CLANG_WARN_QUOTED_INCLUDE_IN_FRAMEWORK_HEADER = YES;
				CLANG_WARN_RANGE_LOOP_ANALYSIS = YES;
				CLANG_WARN_STRICT_PROTOTYPES = YES;
				CLANG_WARN_SUSPICIOUS_MOVE = YES;
				CLANG_WARN_UNGUARDED_AVAILABILITY = YES_AGGRESSIVE;
				CLANG_WARN_UNREACHABLE_CODE = YES;
				CLANG_WARN__DUPLICATE_METHOD_MATCH = YES;
				CODE_SIGN_STYLE = Automatic;
				COPY_PHASE_STRIP = NO;
				CURRENT_PROJECT_VERSION = 1;
				DEBUG_INFORMATION_FORMAT = dwarf;
				DEVELOPMENT_TEAM = F26TM6BCR3;
				ENABLE_STRICT_OBJC_MSGSEND = YES;
				ENABLE_TESTABILITY = YES;
				ENABLE_USER_SCRIPT_SANDBOXING = YES;
				GCC_C_LANGUAGE_STANDARD = gnu11;
				GCC_DYNAMIC_NO_PIC = NO;
				GCC_NO_COMMON_BLOCKS = YES;
				GCC_OPTIMIZATION_LEVEL = 0;
				GCC_PREPROCESSOR_DEFINITIONS = (
					"$(inherited)",
					"DEBUG=1",
				);
				GCC_WARN_64_TO_32_BIT_CONVERSION = YES;
				GCC_WARN_ABOUT_RETURN_TYPE = YES_ERROR;
				GCC_WARN_UNDECLARED_SELECTOR = YES;
				GCC_WARN_UNINITIALIZED_AUTOS = YES_AGGRESSIVE;
				GCC_WARN_UNUSED_FUNCTION = YES;
				GCC_WARN_UNUSED_VARIABLE = YES;
				GENERATE_INFOPLIST_FILE = YES;
				IPHONEOS_DEPLOYMENT_TARGET = 17.0;
				MARKETING_VERSION = 2.0.0;
				MTL_ENABLE_DEBUG_INFO = INCLUDE_SOURCE;
				MTL_FAST_MATH = YES;
				ONLY_ACTIVE_ARCH = YES;
				PRODUCT_NAME = "$(TARGET_NAME)";
				SWIFT_ACTIVE_COMPILATION_CONDITIONS = DEBUG;
				SWIFT_OPTIMIZATION_LEVEL = "-Onone";
				SWIFT_TREAT_WARNINGS_AS_ERRORS = NO;
				SWIFT_VERSION = 5.9;
			};
			name = Debug;
		};
		0FA0CC0730872B194062F2A5 /* Release */ = {
			isa = XCBuildConfiguration;
			buildSettings = {
				ASSETCATALOG_COMPILER_APPICON_NAME = AppIcon;
				CODE_SIGN_ENTITLEMENTS = Faff/Faff/Faff.entitlements;
				CODE_SIGN_IDENTITY = "iPhone Developer";
				INFOPLIST_FILE = Faff/Faff/Info.plist;
				INFOPLIST_KEY_UIApplicationSceneManifest_Generation = NO;
				LD_RUNPATH_SEARCH_PATHS = (
					"$(inherited)",
					"@executable_path/Frameworks",
				);
				PRODUCT_BUNDLE_IDENTIFIER = run.faff.app;
				SDKROOT = iphoneos;
				SUPPORTS_MACCATALYST = NO;
				SWIFT_DEFAULT_ACTOR_ISOLATION = MainActor;
				SWIFT_STRICT_CONCURRENCY = minimal;
				SWIFT_UPCOMING_FEATURE_STRICT_CONCURRENCY = NO;
				TARGETED_DEVICE_FAMILY = 1;
			};
			name = Release;
		};
		30805860F3A8D2C943329571 /* Debug */ = {
			isa = XCBuildConfiguration;
			buildSettings = {
				ASSETCATALOG_COMPILER_APPICON_NAME = AppIcon;
				CODE_SIGN_ENTITLEMENTS = "Faff/FaffWatch Watch App/FaffWatch Watch App.entitlements";
				INFOPLIST_FILE = "Faff/FaffWatch Watch App/Info.plist";
				INFOPLIST_KEY_CFBundleDisplayName = faff;
				INFOPLIST_KEY_WKApplication = YES;
				INFOPLIST_KEY_WKCompanionAppBundleIdentifier = run.faff.app;
				PRODUCT_BUNDLE_IDENTIFIER = run.faff.app.watchkitapp;
				SDKROOT = watchos;
				SKIP_INSTALL = YES;
				SUPPORTS_MACCATALYST = NO;
				SWIFT_DEFAULT_ACTOR_ISOLATION = MainActor;
				SWIFT_STRICT_CONCURRENCY = minimal;
				SWIFT_UPCOMING_FEATURE_STRICT_CONCURRENCY = NO;
				SWIFT_VERSION = 5.0;
				TARGETED_DEVICE_FAMILY = 4;
				WATCHOS_DEPLOYMENT_TARGET = 10.0;
			};
			name = Debug;
		};
		4843A988CF31DE9EF51B25EF /* Release */ = {
			isa = XCBuildConfiguration;
			buildSettings = {
				ASSETCATALOG_COMPILER_APPICON_NAME = AppIcon;
				CODE_SIGN_ENTITLEMENTS = "Faff/FaffWatch Watch App/FaffWatch Watch App.entitlements";
				INFOPLIST_FILE = "Faff/FaffWatch Watch App/Info.plist";
				INFOPLIST_KEY_CFBundleDisplayName = faff;
				INFOPLIST_KEY_WKApplication = YES;
				INFOPLIST_KEY_WKCompanionAppBundleIdentifier = run.faff.app;
				PRODUCT_BUNDLE_IDENTIFIER = run.faff.app.watchkitapp;
				SDKROOT = watchos;
				SKIP_INSTALL = YES;
				SUPPORTS_MACCATALYST = NO;
				SWIFT_DEFAULT_ACTOR_ISOLATION = MainActor;
				SWIFT_STRICT_CONCURRENCY = minimal;
				SWIFT_UPCOMING_FEATURE_STRICT_CONCURRENCY = NO;
				SWIFT_VERSION = 5.0;
				TARGETED_DEVICE_FAMILY = 4;
				WATCHOS_DEPLOYMENT_TARGET = 10.0;
			};
			name = Release;
		};
		65D3168FDF58F02C464232AA /* Debug */ = {
			isa = XCBuildConfiguration;
			buildSettings = {
				ASSETCATALOG_COMPILER_APPICON_NAME = AppIcon;
				CODE_SIGN_ENTITLEMENTS = Faff/Faff/Faff.entitlements;
				CODE_SIGN_IDENTITY = "iPhone Developer";
				INFOPLIST_FILE = Faff/Faff/Info.plist;
				INFOPLIST_KEY_UIApplicationSceneManifest_Generation = NO;
				LD_RUNPATH_SEARCH_PATHS = (
					"$(inherited)",
					"@executable_path/Frameworks",
				);
				PRODUCT_BUNDLE_IDENTIFIER = run.faff.app;
				SDKROOT = iphoneos;
				SUPPORTS_MACCATALYST = NO;
				SWIFT_DEFAULT_ACTOR_ISOLATION = MainActor;
				SWIFT_STRICT_CONCURRENCY = minimal;
				SWIFT_UPCOMING_FEATURE_STRICT_CONCURRENCY = NO;
				TARGETED_DEVICE_FAMILY = 1;
			};
			name = Debug;
		};
		730A99E08A5CCDDD01792ABC /* Release */ = {
			isa = XCBuildConfiguration;
			buildSettings = {
				ALWAYS_SEARCH_USER_PATHS = NO;
				CLANG_ANALYZER_NONNULL = YES;
				CLANG_ANALYZER_NUMBER_OBJECT_CONVERSION = YES_AGGRESSIVE;
				CLANG_CXX_LANGUAGE_STANDARD = "gnu++14";
				CLANG_CXX_LIBRARY = "libc++";
				CLANG_ENABLE_MODULES = YES;
				CLANG_ENABLE_OBJC_ARC = YES;
				CLANG_ENABLE_OBJC_WEAK = YES;
				CLANG_WARN_BLOCK_CAPTURE_AUTORELEASING = YES;
				CLANG_WARN_BOOL_CONVERSION = YES;
				CLANG_WARN_COMMA = YES;
				CLANG_WARN_CONSTANT_CONVERSION = YES;
				CLANG_WARN_DEPRECATED_OBJC_IMPLEMENTATIONS = YES;
				CLANG_WARN_DIRECT_OBJC_ISA_USAGE = YES_ERROR;
				CLANG_WARN_DOCUMENTATION_COMMENTS = YES;
				CLANG_WARN_EMPTY_BODY = YES;
				CLANG_WARN_ENUM_CONVERSION = YES;
				CLANG_WARN_INFINITE_RECURSION = YES;
				CLANG_WARN_INT_CONVERSION = YES;
				CLANG_WARN_NON_LITERAL_NULL_CONVERSION = YES;
				CLANG_WARN_OBJC_IMPLICIT_RETAIN_SELF = YES;
				CLANG_WARN_OBJC_LITERAL_CONVERSION = YES;
				CLANG_WARN_OBJC_ROOT_CLASS = YES_ERROR;
				CLANG_WARN_QUOTED_INCLUDE_IN_FRAMEWORK_HEADER = YES;
				CLANG_WARN_RANGE_LOOP_ANALYSIS = YES;
				CLANG_WARN_STRICT_PROTOTYPES = YES;
				CLANG_WARN_SUSPICIOUS_MOVE = YES;
				CLANG_WARN_UNGUARDED_AVAILABILITY = YES_AGGRESSIVE;
				CLANG_WARN_UNREACHABLE_CODE = YES;
				CLANG_WARN__DUPLICATE_METHOD_MATCH = YES;
				CODE_SIGN_STYLE = Automatic;
				COPY_PHASE_STRIP = NO;
				CURRENT_PROJECT_VERSION = 1;
				DEBUG_INFORMATION_FORMAT = "dwarf-with-dsym";
				DEVELOPMENT_TEAM = F26TM6BCR3;
				ENABLE_NS_ASSERTIONS = NO;
				ENABLE_STRICT_OBJC_MSGSEND = YES;
				ENABLE_USER_SCRIPT_SANDBOXING = YES;
				GCC_C_LANGUAGE_STANDARD = gnu11;
				GCC_NO_COMMON_BLOCKS = YES;
				GCC_WARN_64_TO_32_BIT_CONVERSION = YES;
				GCC_WARN_ABOUT_RETURN_TYPE = YES_ERROR;
				GCC_WARN_UNDECLARED_SELECTOR = YES;
				GCC_WARN_UNINITIALIZED_AUTOS = YES_AGGRESSIVE;
				GCC_WARN_UNUSED_FUNCTION = YES;
				GCC_WARN_UNUSED_VARIABLE = YES;
				GENERATE_INFOPLIST_FILE = YES;
				IPHONEOS_DEPLOYMENT_TARGET = 17.0;
				MARKETING_VERSION = 2.0.0;
				MTL_ENABLE_DEBUG_INFO = NO;
				MTL_FAST_MATH = YES;
				PRODUCT_NAME = "$(TARGET_NAME)";
				SWIFT_COMPILATION_MODE = wholemodule;
				SWIFT_OPTIMIZATION_LEVEL = "-O";
				SWIFT_TREAT_WARNINGS_AS_ERRORS = NO;
				SWIFT_VERSION = 5.9;
			};
			name = Release;
		};
/* End XCBuildConfiguration section */

/* Begin XCConfigurationList section */
		86D9C3CDB32A47295A6B93AA /* Build configuration list for PBXNativeTarget "Faff" */ = {
			isa = XCConfigurationList;
			buildConfigurations = (
				65D3168FDF58F02C464232AA /* Debug */,
				0FA0CC0730872B194062F2A5 /* Release */,
			);
			defaultConfigurationIsVisible = 0;
			defaultConfigurationName = Release;
		};
		98F9AE00FC6626AFA7167EBA /* Build configuration list for PBXProject "Faff" */ = {
			isa = XCConfigurationList;
			buildConfigurations = (
				0D95FB212EAB452FEF8FF123 /* Debug */,
				730A99E08A5CCDDD01792ABC /* Release */,
			);
			defaultConfigurationIsVisible = 0;
			defaultConfigurationName = Release;
		};
		F7FD72168A8170EDDA3F4AAC /* Build configuration list for PBXNativeTarget "FaffWatch Watch App" */ = {
			isa = XCConfigurationList;
			buildConfigurations = (
				30805860F3A8D2C943329571 /* Debug */,
				4843A988CF31DE9EF51B25EF /* Release */,
			);
			defaultConfigurationIsVisible = 0;
			defaultConfigurationName = Release;
		};
/* End XCConfigurationList section */
	};
	rootObject = 71044FC49B493BB4714930F0 /* Project object */;
}
